// !$*UTF8*$!
{
	archiveVersion = 1;
	classes = {
	};
	objectVersion = 77;
	objects = {

/* Begin PBXBuildFile section */
		BDC915B82CDBDFFC0030BB27 /* Numerics in Frameworks */ = {isa = PBXBuildFile; productRef = BDC915B72CDBDFFC0030BB27 /* Numerics */; };
/* End PBXBuildFile section */

/* Begin PBXContainerItemProxy section */
		BD8629422CDBDB7300665C50 /* PBXContainerItemProxy */ = {
			isa = PBXContainerItemProxy;
			containerPortal = BD8629292CDBDB7200665C50 /* Project object */;
			proxyType = 1;
			remoteGlobalIDString = BD8629302CDBDB7200665C50;
			remoteInfo = RoundingApp;
		};
		BD86294C2CDBDB7300665C50 /* PBXContainerItemProxy */ = {
			isa = PBXContainerItemProxy;
			containerPortal = BD8629292CDBDB7200665C50 /* Project object */;
			proxyType = 1;
			remoteGlobalIDString = BD8629302CDBDB7200665C50;
			remoteInfo = RoundingApp;
		};
/* End PBXContainerItemProxy section */

/* Begin PBXFileReference section */
		BD8629312CDBDB7200665C50 /* RoundingApp.app */ = {isa = PBXFileReference; explicitFileType = wrapper.application; includeInIndex = 0; path = RoundingApp.app; sourceTree = BUILT_PRODUCTS_DIR; };
		BD8629412CDBDB7300665C50 /* RoundingAppTests.xctest */ = {isa = PBXFileReference; explicitFileType = wrapper.cfbundle; includeInIndex = 0; path = RoundingAppTests.xctest; sourceTree = BUILT_PRODUCTS_DIR; };
		BD86294B2CDBDB7300665C50 /* RoundingAppUITests.xctest */ = {isa = PBXFileReference; explicitFileType = wrapper.cfbundle; includeInIndex = 0; path = RoundingAppUITests.xctest; sourceTree = BUILT_PRODUCTS_DIR; };
		BDC915B22CDBDC770030BB27 /* RoundingApp.xctestplan */ = {isa = PBXFileReference; lastKnownFileType = text; path = RoundingApp.xctestplan; sourceTree = "<group>"; };
/* End PBXFileReference section */

/* Begin PBXFileSystemSynchronizedRootGroup section */
		BD8629332CDBDB7200665C50 /* RoundingApp */ = {
			isa = PBXFileSystemSynchronizedRootGroup;
			path = RoundingApp;
			sourceTree = "<group>";
		};
		BD8629442CDBDB7300665C50 /* RoundingAppTests */ = {
			isa = PBXFileSystemSynchronizedRootGroup;
			path = RoundingAppTests;
			sourceTree = "<group>";
		};
		BD86294E2CDBDB7300665C50 /* RoundingAppUITests */ = {
			isa = PBXFileSystemSynchronizedRootGroup;
			path = RoundingAppUITests;
			sourceTree = "<group>";
		};
/* End PBXFileSystemSynchronizedRootGroup section */

/* Begin PBXFrameworksBuildPhase section */
		BD86292E2CDBDB7200665C50 /* Frameworks */ = {
			isa = PBXFrameworksBuildPhase;
			buildActionMask = 2147483647;
			files = (
			);
			runOnlyForDeploymentPostprocessing = 0;
		};
		BD86293E2CDBDB7300665C50 /* Frameworks */ = {
			isa = PBXFrameworksBuildPhase;
			buildActionMask = 2147483647;
			files = (
				BDC915B82CDBDFFC0030BB27 /* Numerics in Frameworks */,
			);
			runOnlyForDeploymentPostprocessing = 0;
		};
		BD8629482CDBDB7300665C50 /* Frameworks */ = {
			isa = PBXFrameworksBuildPhase;
			buildActionMask = 2147483647;
			files = (
			);
			runOnlyForDeploymentPostprocessing = 0;
		};
/* End PBXFrameworksBuildPhase section */

/* Begin PBXGroup section */
		BD8629282CDBDB7200665C50 = {
			isa = PBXGroup;
			children = (
				BDC915B22CDBDC770030BB27 /* RoundingApp.xctestplan */,
				BD8629332CDBDB7200665C50 /* RoundingApp */,
				BD8629442CDBDB7300665C50 /* RoundingAppTests */,
				BD86294E2CDBDB7300665C50 /* RoundingAppUITests */,
				BDC915B62CDBDFFC0030BB27 /* Frameworks */,
				BD8629322CDBDB7200665C50 /* Products */,
			);
			sourceTree = "<group>";
		};
		BD8629322CDBDB7200665C50 /* Products */ = {
			isa = PBXGroup;
			children = (
				BD8629312CDBDB7200665C50 /* RoundingApp.app */,
				BD8629412CDBDB7300665C50 /* RoundingAppTests.xctest */,
				BD86294B2CDBDB7300665C50 /* RoundingAppUITests.xctest */,
			);
			name = Products;
			sourceTree = "<group>";
		};
		BDC915B62CDBDFFC0030BB27 /* Frameworks */ = {
			isa = PBXGroup;
			children = (
			);
			name = Frameworks;
			sourceTree = "<group>";
		};
/* End PBXGroup section */

/* Begin PBXNativeTarget section */
		BD8629302CDBDB7200665C50 /* RoundingApp */ = {
			isa = PBXNativeTarget;
			buildConfigurationList = BD8629552CDBDB7300665C50 /* Build configuration list for PBXNativeTarget "RoundingApp" */;
			buildPhases = (
				BD86292D2CDBDB7200665C50 /* Sources */,
				BD86292E2CDBDB7200665C50 /* Frameworks */,
				BD86292F2CDBDB7200665C50 /* Resources */,
			);
			buildRules = (
			);
			dependencies = (
			);
			fileSystemSynchronizedGroups = (
				BD8629332CDBDB7200665C50 /* RoundingApp */,
			);
			name = RoundingApp;
			packageProductDependencies = (
			);
			productName = RoundingApp;
			productReference = BD8629312CDBDB7200665C50 /* RoundingApp.app */;
			productType = "com.apple.product-type.application";
		};
		BD8629402CDBDB7300665C50 /* RoundingAppTests */ = {
			isa = PBXNativeTarget;
			buildConfigurationList = BD8629582CDBDB7300665C50 /* Build configuration list for PBXNativeTarget "RoundingAppTests" */;
			buildPhases = (
				BD86293D2CDBDB7300665C50 /* Sources */,
				BD86293E2CDBDB7300665C50 /* Frameworks */,
				BD86293F2CDBDB7300665C50 /* Resources */,
			);
			buildRules = (
			);
			dependencies = (
				BD8629432CDBDB7300665C50 /* PBXTargetDependency */,
			);
			fileSystemSynchronizedGroups = (
				BD8629442CDBDB7300665C50 /* RoundingAppTests */,
			);
			name = RoundingAppTests;
			packageProductDependencies = (
				BDC915B72CDBDFFC0030BB27 /* Numerics */,
			);
			productName = RoundingAppTests;
			productReference = BD8629412CDBDB7300665C50 /* RoundingAppTests.xctest */;
			productType = "com.apple.product-type.bundle.unit-test";
		};
		BD86294A2CDBDB7300665C50 /* RoundingAppUITests */ = {
			isa = PBXNativeTarget;
			buildConfigurationList = BD86295B2CDBDB7300665C50 /* Build configuration list for PBXNativeTarget "RoundingAppUITests" */;
			buildPhases = (
				BD8629472CDBDB7300665C50 /* Sources */,
				BD8629482CDBDB7300665C50 /* Frameworks */,
				BD8629492CDBDB7300665C50 /* Resources */,
			);
			buildRules = (
			);
			dependencies = (
				BD86294D2CDBDB7300665C50 /* PBXTargetDependency */,
			);
			fileSystemSynchronizedGroups = (
				BD86294E2CDBDB7300665C50 /* RoundingAppUITests */,
			);
			name = RoundingAppUITests;
			packageProductDependencies = (
			);
			productName = RoundingAppUITests;
			productReference = BD86294B2CDBDB7300665C50 /* RoundingAppUITests.xctest */;
			productType = "com.apple.product-type.bundle.ui-testing";
		};
/* End PBXNativeTarget section */

/* Begin PBXProject section */
		BD8629292CDBDB7200665C50 /* Project object */ = {
			isa = PBXProject;
			attributes = {
				BuildIndependentTargetsInParallel = 1;
				LastSwiftUpdateCheck = 1600;
				LastUpgradeCheck = 1600;
				TargetAttributes = {
					BD8629302CDBDB7200665C50 = {
						CreatedOnToolsVersion = 16.0;
					};
					BD8629402CDBDB7300665C50 = {
						CreatedOnToolsVersion = 16.0;
						TestTargetID = BD8629302CDBDB7200665C50;
					};
					BD86294A2CDBDB7300665C50 = {
						CreatedOnToolsVersion = 16.0;
						TestTargetID = BD8629302CDBDB7200665C50;
					};
				};
			};
			buildConfigurationList = BD86292C2CDBDB7200665C50 /* Build configuration list for PBXProject "RoundingApp" */;
			developmentRegion = en;
			hasScannedForEncodings = 0;
			knownRegions = (
				en,
				Base,
			);
			mainGroup = BD8629282CDBDB7200665C50;
			minimizedProjectReferenceProxies = 1;
			packageReferences = (
				BDC915B52CDBDF750030BB27 /* XCRemoteSwiftPackageReference "swift-numerics" */,
			);
			preferredProjectObjectVersion = 77;
			productRefGroup = BD8629322CDBDB7200665C50 /* Products */;
			projectDirPath = "";
			projectRoot = "";
			targets = (
				BD8629302CDBDB7200665C50 /* RoundingApp */,
				BD8629402CDBDB7300665C50 /* RoundingAppTests */,
				BD86294A2CDBDB7300665C50 /* RoundingAppUITests */,
			);
		};
/* End PBXProject section */

/* Begin PBXResourcesBuildPhase section */
		BD86292F2CDBDB7200665C50 /* Resources */ = {
			isa = PBXResourcesBuildPhase;
			buildActionMask = 2147483647;
			files = (
			);
			runOnlyForDeploymentPostprocessing = 0;
		};
		BD86293F2CDBDB7300665C50 /* Resources */ = {
			isa = PBXResourcesBuildPhase;
			buildActionMask = 2147483647;
			files = (
			);
			runOnlyForDeploymentPostprocessing = 0;
		};
		BD8629492CDBDB7300665C50 /* Resources */ = {
			isa = PBXResourcesBuildPhase;
			buildActionMask = 2147483647;
			files = (
			);
			runOnlyForDeploymentPostprocessing = 0;
		};
/* End PBXResourcesBuildPhase section */

/* Begin PBXSourcesBuildPhase section */
		BD86292D2CDBDB7200665C50 /* Sources */ = {
			isa = PBXSourcesBuildPhase;
			buildActionMask = 2147483647;
			files = (
			);
			runOnlyForDeploymentPostprocessing = 0;
		};
		BD86293D2CDBDB7300665C50 /* Sources */ = {
			isa = PBXSourcesBuildPhase;
			buildActionMask = 2147483647;
			files = (
			);
			runOnlyForDeploymentPostprocessing = 0;
		};
		BD8629472CDBDB7300665C50 /* Sources */ = {
			isa = PBXSourcesBuildPhase;
			buildActionMask = 2147483647;
			files = (
			);
			runOnlyForDeploymentPostprocessing = 0;
		};
/* End PBXSourcesBuildPhase section */

/* Begin PBXTargetDependency section */
		BD8629432CDBDB7300665C50 /* PBXTargetDependency */ = {
			isa = PBXTargetDependency;
			target = BD8629302CDBDB7200665C50 /* RoundingApp */;
			targetProxy = BD8629422CDBDB7300665C50 /* PBXContainerItemProxy */;
		};
		BD86294D2CDBDB7300665C50 /* PBXTargetDependency */ = {
			isa = PBXTargetDependency;
			target = BD8629302CDBDB7200665C50 /* RoundingApp */;
			targetProxy = BD86294C2CDBDB7300665C50 /* PBXContainerItemProxy */;
		};
/* End PBXTargetDependency section */

/* Begin XCBuildConfiguration section */
		BD8629532CDBDB7300665C50 /* Debug */ = {
			isa = XCBuildConfiguration;
			buildSettings = {
				ALWAYS_SEARCH_USER_PATHS = NO;
				ASSETCATALOG_COMPILER_GENERATE_SWIFT_ASSET_SYMBOL_EXTENSIONS = YES;
				CLANG_ANALYZER_NONNULL = YES;
				CLANG_ANALYZER_NUMBER_OBJECT_CONVERSION = YES_AGGRESSIVE;
				CLANG_CXX_LANGUAGE_STANDARD = "gnu++20";
				CLANG_ENABLE_MODULES = YES;
				CLANG_ENABLE_OBJC_ARC = YES;
				CLANG_ENABLE_OBJC_WEAK = YES;
				CLANG_WARN_BLOCK_CAPTURE_AUTORELEASING = YES;
				CLANG_WARN_BOOL_CONVERSION = YES;
				CLANG_WARN_COMMA = YES;
				CLANG_WARN_CONSTANT_CONVERSION = YES;
				CLANG_WARN_DEPRECATED_OBJC_IMPLEMENTATIONS = YES;
				CLANG_WARN_DIRECT_OBJC_ISA_USAGE = YES_ERROR;
				CLANG_WARN_DOCUMENTATION_COMMENTS = YES;
				CLANG_WARN_EMPTY_BODY = YES;
				CLANG_WARN_ENUM_CONVERSION = YES;
				CLANG_WARN_INFINITE_RECURSION = YES;
				CLANG_WARN_INT_CONVERSION = YES;
				CLANG_WARN_NON_LITERAL_NULL_CONVERSION = YES;
				CLANG_WARN_OBJC_IMPLICIT_RETAIN_SELF = YES;
				CLANG_WARN_OBJC_LITERAL_CONVERSION = YES;
				CLANG_WARN_OBJC_ROOT_CLASS = YES_ERROR;
				CLANG_WARN_QUOTED_INCLUDE_IN_FRAMEWORK_HEADER = YES;
				CLANG_WARN_RANGE_LOOP_ANALYSIS = YES;
				CLANG_WARN_STRICT_PROTOTYPES = YES;
				CLANG_WARN_SUSPICIOUS_MOVE = YES;
				CLANG_WARN_UNGUARDED_AVAILABILITY = YES_AGGRESSIVE;
				CLANG_WARN_UNREACHABLE_CODE = YES;
				CLANG_WARN__DUPLICATE_METHOD_MATCH = YES;
				COPY_PHASE_STRIP = NO;
				DEBUG_INFORMATION_FORMAT = dwarf;
				ENABLE_STRICT_OBJC_MSGSEND = YES;
				ENABLE_TESTABILITY = YES;
				ENABLE_USER_SCRIPT_SANDBOXING = YES;
				GCC_C_LANGUAGE_STANDARD = gnu17;
				GCC_DYNAMIC_NO_PIC = NO;
				GCC_NO_COMMON_BLOCKS = YES;
				GCC_OPTIMIZATION_LEVEL = 0;
				GCC_PREPROCESSOR_DEFINITIONS = (
					"DEBUG=1",
					"$(inherited)",
				);
				GCC_WARN_64_TO_32_BIT_CONVERSION = YES;
				GCC_WARN_ABOUT_RETURN_TYPE = YES_ERROR;
				GCC_WARN_UNDECLARED_SELECTOR = YES;
				GCC_WARN_UNINITIALIZED_AUTOS = YES_AGGRESSIVE;
				GCC_WARN_UNUSED_FUNCTION = YES;
				GCC_WARN_UNUSED_VARIABLE = YES;
				IPHONEOS_DEPLOYMENT_TARGET = 18.0;
				LOCALIZATION_PREFERS_STRING_CATALOGS = YES;
				MTL_ENABLE_DEBUG_INFO = INCLUDE_SOURCE;
				MTL_FAST_MATH = YES;
				ONLY_ACTIVE_ARCH = YES;
				SDKROOT = iphoneos;
				SWIFT_ACTIVE_COMPILATION_CONDITIONS = "DEBUG $(inherited)";
				SWIFT_OPTIMIZATION_LEVEL = "-Onone";
			};
			name = Debug;
		};
		BD8629542CDBDB7300665C50 /* Release */ = {
			isa = XCBuildConfiguration;
			buildSettings = {
				ALWAYS_SEARCH_USER_PATHS = NO;
				ASSETCATALOG_COMPILER_GENERATE_SWIFT_ASSET_SYMBOL_EXTENSIONS = YES;
				CLANG_ANALYZER_NONNULL = YES;
				CLANG_ANALYZER_NUMBER_OBJECT_CONVERSION = YES_AGGRESSIVE;
				CLANG_CXX_LANGUAGE_STANDARD = "gnu++20";
				CLANG_ENABLE_MODULES = YES;
				CLANG_ENABLE_OBJC_ARC = YES;
				CLANG_ENABLE_OBJC_WEAK = YES;
				CLANG_WARN_BLOCK_CAPTURE_AUTORELEASING = YES;
				CLANG_WARN_BOOL_CONVERSION = YES;
				CLANG_WARN_COMMA = YES;
				CLANG_WARN_CONSTANT_CONVERSION = YES;
				CLANG_WARN_DEPRECATED_OBJC_IMPLEMENTATIONS = YES;
				CLANG_WARN_DIRECT_OBJC_ISA_USAGE = YES_ERROR;
				CLANG_WARN_DOCUMENTATION_COMMENTS = YES;
				CLANG_WARN_EMPTY_BODY = YES;
				CLANG_WARN_ENUM_CONVERSION = YES;
				CLANG_WARN_INFINITE_RECURSION = YES;
				CLANG_WARN_INT_CONVERSION = YES;
				CLANG_WARN_NON_LITERAL_NULL_CONVERSION = YES;
				CLANG_WARN_OBJC_IMPLICIT_RETAIN_SELF = YES;
				CLANG_WARN_OBJC_LITERAL_CONVERSION = YES;
				CLANG_WARN_OBJC_ROOT_CLASS = YES_ERROR;
				CLANG_WARN_QUOTED_INCLUDE_IN_FRAMEWORK_HEADER = YES;
				CLANG_WARN_RANGE_LOOP_ANALYSIS = YES;
				CLANG_WARN_STRICT_PROTOTYPES = YES;
				CLANG_WARN_SUSPICIOUS_MOVE = YES;
				CLANG_WARN_UNGUARDED_AVAILABILITY = YES_AGGRESSIVE;
				CLANG_WARN_UNREACHABLE_CODE = YES;
				CLANG_WARN__DUPLICATE_METHOD_MATCH = YES;
				COPY_PHASE_STRIP = NO;
				DEBUG_INFORMATION_FORMAT = "dwarf-with-dsym";
				ENABLE_NS_ASSERTIONS = NO;
				ENABLE_STRICT_OBJC_MSGSEND = YES;
				ENABLE_USER_SCRIPT_SANDBOXING = YES;
				GCC_C_LANGUAGE_STANDARD = gnu17;
				GCC_NO_COMMON_BLOCKS = YES;
				GCC_WARN_64_TO_32_BIT_CONVERSION = YES;
				GCC_WARN_ABOUT_RETURN_TYPE = YES_ERROR;
				GCC_WARN_UNDECLARED_SELECTOR = YES;
				GCC_WARN_UNINITIALIZED_AUTOS = YES_AGGRESSIVE;
				GCC_WARN_UNUSED_FUNCTION = YES;
				GCC_WARN_UNUSED_VARIABLE = YES;
				IPHONEOS_DEPLOYMENT_TARGET = 18.0;
				LOCALIZATION_PREFERS_STRING_CATALOGS = YES;
				MTL_ENABLE_DEBUG_INFO = NO;
				MTL_FAST_MATH = YES;
				SDKROOT = iphoneos;
				SWIFT_COMPILATION_MODE = wholemodule;
				VALIDATE_PRODUCT = YES;
			};
			name = Release;
		};
		BD8629562CDBDB7300665C50 /* Debug */ = {
			isa = XCBuildConfiguration;
			buildSettings = {
				ASSETCATALOG_COMPILER_APPICON_NAME = AppIcon;
				ASSETCATALOG_COMPILER_GLOBAL_ACCENT_COLOR_NAME = AccentColor;
				CODE_SIGN_STYLE = Automatic;
				CURRENT_PROJECT_VERSION = 1;
				DEVELOPMENT_ASSET_PATHS = "\"RoundingApp/Preview Content\"";
				DEVELOPMENT_TEAM = LCRLD36TZ6;
				ENABLE_PREVIEWS = YES;
				GENERATE_INFOPLIST_FILE = YES;
				INFOPLIST_KEY_UIApplicationSceneManifest_Generation = YES;
				INFOPLIST_KEY_UIApplicationSupportsIndirectInputEvents = YES;
				INFOPLIST_KEY_UILaunchScreen_Generation = YES;
				INFOPLIST_KEY_UISupportedInterfaceOrientations_iPad = "UIInterfaceOrientationPortrait UIInterfaceOrientationPortraitUpsideDown UIInterfaceOrientationLandscapeLeft UIInterfaceOrientationLandscapeRight";
				INFOPLIST_KEY_UISupportedInterfaceOrientations_iPhone = "UIInterfaceOrientationPortrait UIInterfaceOrientationLandscapeLeft UIInterfaceOrientationLandscapeRight";
				LD_RUNPATH_SEARCH_PATHS = (
					"$(inherited)",
					"@executable_path/Frameworks",
				);
				MARKETING_VERSION = 1.0;
				PRODUCT_BUNDLE_IDENTIFIER = com.paulsolt.RoundingApp;
				PRODUCT_NAME = "$(TARGET_NAME)";
				SWIFT_EMIT_LOC_STRINGS = YES;
				SWIFT_VERSION = 5.0;
				TARGETED_DEVICE_FAMILY = "1,2";
			};
			name = Debug;
		};
		BD8629572CDBDB7300665C50 /* Release */ = {
			isa = XCBuildConfiguration;
			buildSettings = {
				ASSETCATALOG_COMPILER_APPICON_NAME = AppIcon;
				ASSETCATALOG_COMPILER_GLOBAL_ACCENT_COLOR_NAME = AccentColor;
				CODE_SIGN_STYLE = Automatic;
				CURRENT_PROJECT_VERSION = 1;
				DEVELOPMENT_ASSET_PATHS = "\"RoundingApp/Preview Content\"";
				DEVELOPMENT_TEAM = LCRLD36TZ6;
				ENABLE_PREVIEWS = YES;
				GENERATE_INFOPLIST_FILE = YES;
				INFOPLIST_KEY_UIApplicationSceneManifest_Generation = YES;
				INFOPLIST_KEY_UIApplicationSupportsIndirectInputEvents = YES;
				INFOPLIST_KEY_UILaunchScreen_Generation = YES;
				INFOPLIST_KEY_UISupportedInterfaceOrientations_iPad = "UIInterfaceOrientationPortrait UIInterfaceOrientationPortraitUpsideDown UIInterfaceOrientationLandscapeLeft UIInterfaceOrientationLandscapeRight";
				INFOPLIST_KEY_UISupportedInterfaceOrientations_iPhone = "UIInterfaceOrientationPortrait UIInterfaceOrientationLandscapeLeft UIInterfaceOrientationLandscapeRight";
				LD_RUNPATH_SEARCH_PATHS = (
					"$(inherited)",
					"@executable_path/Frameworks",
				);
				MARKETING_VERSION = 1.0;
				PRODUCT_BUNDLE_IDENTIFIER = com.paulsolt.RoundingApp;
				PRODUCT_NAME = "$(TARGET_NAME)";
				SWIFT_EMIT_LOC_STRINGS = YES;
				SWIFT_VERSION = 5.0;
				TARGETED_DEVICE_FAMILY = "1,2";
			};
			name = Release;
		};
		BD8629592CDBDB7300665C50 /* Debug */ = {
			isa = XCBuildConfiguration;
			buildSettings = {
				BUNDLE_LOADER = "$(TEST_HOST)";
				CODE_SIGN_STYLE = Automatic;
				CURRENT_PROJECT_VERSION = 1;
				DEVELOPMENT_TEAM = LCRLD36TZ6;
				GENERATE_INFOPLIST_FILE = YES;
				IPHONEOS_DEPLOYMENT_TARGET = 18.0;
				MARKETING_VERSION = 1.0;
				PRODUCT_BUNDLE_IDENTIFIER = com.paulsolt.RoundingAppTests;
				PRODUCT_NAME = "$(TARGET_NAME)";
				SWIFT_EMIT_LOC_STRINGS = NO;
				SWIFT_VERSION = 5.0;
				TARGETED_DEVICE_FAMILY = "1,2";
				TEST_HOST = "$(BUILT_PRODUCTS_DIR)/RoundingApp.app/$(BUNDLE_EXECUTABLE_FOLDER_PATH)/RoundingApp";
			};
			name = Debug;
		};
		BD86295A2CDBDB7300665C50 /* Release */ = {
			isa = XCBuildConfiguration;
			buildSettings = {
				BUNDLE_LOADER = "$(TEST_HOST)";
				CODE_SIGN_STYLE = Automatic;
				CURRENT_PROJECT_VERSION = 1;
				DEVELOPMENT_TEAM = LCRLD36TZ6;
				GENERATE_INFOPLIST_FILE = YES;
				IPHONEOS_DEPLOYMENT_TARGET = 18.0;
				MARKETING_VERSION = 1.0;
				PRODUCT_BUNDLE_IDENTIFIER = com.paulsolt.RoundingAppTests;
				PRODUCT_NAME = "$(TARGET_NAME)";
				SWIFT_EMIT_LOC_STRINGS = NO;
				SWIFT_VERSION = 5.0;
				TARGETED_DEVICE_FAMILY = "1,2";
				TEST_HOST = "$(BUILT_PRODUCTS_DIR)/RoundingApp.app/$(BUNDLE_EXECUTABLE_FOLDER_PATH)/RoundingApp";
			};
			name = Release;
		};
		BD86295C2CDBDB7300665C50 /* Debug */ = {
			isa = XCBuildConfiguration;
			buildSettings = {
				CODE_SIGN_STYLE = Automatic;
				CURRENT_PROJECT_VERSION = 1;
				DEVELOPMENT_TEAM = LCRLD36TZ6;
				GENERATE_INFOPLIST_FILE = YES;
				MARKETING_VERSION = 1.0;
				PRODUCT_BUNDLE_IDENTIFIER = com.paulsolt.RoundingAppUITests;
				PRODUCT_NAME = "$(TARGET_NAME)";
				SWIFT_EMIT_LOC_STRINGS = NO;
				SWIFT_VERSION = 5.0;
				TARGETED_DEVICE_FAMILY = "1,2";
				TEST_TARGET_NAME = RoundingApp;
			};
			name = Debug;
		};
		BD86295D2CDBDB7300665C50 /* Release */ = {
			isa = XCBuildConfiguration;
			buildSettings = {
				CODE_SIGN_STYLE = Automatic;
				CURRENT_PROJECT_VERSION = 1;
				DEVELOPMENT_TEAM = LCRLD36TZ6;
				GENERATE_INFOPLIST_FILE = YES;
				MARKETING_VERSION = 1.0;
				PRODUCT_BUNDLE_IDENTIFIER = com.paulsolt.RoundingAppUITests;
				PRODUCT_NAME = "$(TARGET_NAME)";
				SWIFT_EMIT_LOC_STRINGS = NO;
				SWIFT_VERSION = 5.0;
				TARGETED_DEVICE_FAMILY = "1,2";
				TEST_TARGET_NAME = RoundingApp;
			};
			name = Release;
		};
/* End XCBuildConfiguration section */

/* Begin XCConfigurationList section */
		BD86292C2CDBDB7200665C50 /* Build configuration list for PBXProject "RoundingApp" */ = {
			isa = XCConfigurationList;
			buildConfigurations = (
				BD8629532CDBDB7300665C50 /* Debug */,
				BD8629542CDBDB7300665C50 /* Release */,
			);
			defaultConfigurationIsVisible = 0;
			defaultConfigurationName = Release;
		};
		BD8629552CDBDB7300665C50 /* Build configuration list for PBXNativeTarget "RoundingApp" */ = {
			isa = XCConfigurationList;
			buildConfigurations = (
				BD8629562CDBDB7300665C50 /* Debug */,
				BD8629572CDBDB7300665C50 /* Release */,
			);
			defaultConfigurationIsVisible = 0;
			defaultConfigurationName = Release;
		};
		BD8629582CDBDB7300665C50 /* Build configuration list for PBXNativeTarget "RoundingAppTests" */ = {
			isa = XCConfigurationList;
			buildConfigurations = (
				BD8629592CDBDB7300665C50 /* Debug */,
				BD86295A2CDBDB7300665C50 /* Release */,
			);
			defaultConfigurationIsVisible = 0;
			defaultConfigurationName = Release;
		};
		BD86295B2CDBDB7300665C50 /* Build configuration list for PBXNativeTarget "RoundingAppUITests" */ = {
			isa = XCConfigurationList;
			buildConfigurations = (
				BD86295C2CDBDB7300665C50 /* Debug */,
				BD86295D2CDBDB7300665C50 /* Release */,
			);
			defaultConfigurationIsVisible = 0;
			defaultConfigurationName = Release;
		};
/* End XCConfigurationList section */

/* Begin XCRemoteSwiftPackageReference section */
		BDC915B52CDBDF750030BB27 /* XCRemoteSwiftPackageReference "swift-numerics" */ = {
			isa = XCRemoteSwiftPackageReference;
			repositoryURL = "https://github.com/apple/swift-numerics.git";
			requirement = {
				kind = upToNextMajorVersion;
				minimumVersion = 1.0.2;
			};
		};
/* End XCRemoteSwiftPackageReference section */

/* Begin XCSwiftPackageProductDependency section */
		BDC915B72CDBDFFC0030BB27 /* Numerics */ = {
			isa = XCSwiftPackageProductDependency;
			package = BDC915B52CDBDF750030BB27 /* XCRemoteSwiftPackageReference "swift-numerics" */;
			productName = Numerics;
		};
/* End XCSwiftPackageProductDependency section */
	};
	rootObject = BD8629292CDBDB7200665C50 /* Project object */;
}
