// !$*UTF8*$!
{
	archiveVersion = 1;
	classes = {
	};
	objectVersion = 70;
	objects = {

/* Begin PBXContainerItemProxy section */
		BDCA2DAA2C5BCD4000F193E6 /* PBXContainerItemProxy */ = {
			isa = PBXContainerItemProxy;
			containerPortal = BDCA2D8F2C5BCD3E00F193E6 /* Project object */;
			proxyType = 1;
			remoteGlobalIDString = BDCA2D962C5BCD3E00F193E6;
			remoteInfo = DailyProgressDemo;
		};
		BDCA2DB42C5BCD4000F193E6 /* PBXContainerItemProxy */ = {
			isa = PBXContainerItemProxy;
			containerPortal = BDCA2D8F2C5BCD3E00F193E6 /* Project object */;
			proxyType = 1;
			remoteGlobalIDString = BDCA2D962C5BCD3E00F193E6;
			remoteInfo = DailyProgressDemo;
		};
/* End PBXContainerItemProxy section */

/* Begin PBXFileReference section */
		BDCA2D972C5BCD3F00F193E6 /* DailyProgressDemo.app */ = {isa = PBXFileReference; explicitFileType = wrapper.application; includeInIndex = 0; path = DailyProgressDemo.app; sourceTree = BUILT_PRODUCTS_DIR; };
		BDCA2DA92C5BCD4000F193E6 /* DailyProgressDemoTests.xctest */ = {isa = PBXFileReference; explicitFileType = wrapper.cfbundle; includeInIndex = 0; path = DailyProgressDemoTests.xctest; sourceTree = BUILT_PRODUCTS_DIR; };
		BDCA2DB32C5BCD4000F193E6 /* DailyProgressDemoUITests.xctest */ = {isa = PBXFileReference; explicitFileType = wrapper.cfbundle; includeInIndex = 0; path = DailyProgressDemoUITests.xctest; sourceTree = BUILT_PRODUCTS_DIR; };
/* End PBXFileReference section */

/* Begin PBXFileSystemSynchronizedRootGroup section */
		BDCA2D992C5BCD3F00F193E6 /* DailyProgressDemo */ = {isa = PBXFileSystemSynchronizedRootGroup; explicitFileTypes = {}; explicitFolders = (); path = DailyProgressDemo; sourceTree = "<group>"; };
		BDCA2DAC2C5BCD4000F193E6 /* DailyProgressDemoTests */ = {isa = PBXFileSystemSynchronizedRootGroup; explicitFileTypes = {}; explicitFolders = (); path = DailyProgressDemoTests; sourceTree = "<group>"; };
		BDCA2DB62C5BCD4000F193E6 /* DailyProgressDemoUITests */ = {isa = PBXFileSystemSynchronizedRootGroup; explicitFileTypes = {}; explicitFolders = (); path = DailyProgressDemoUITests; sourceTree = "<group>"; };
/* End PBXFileSystemSynchronizedRootGroup section */

/* Begin PBXFrameworksBuildPhase section */
		BDCA2D942C5BCD3E00F193E6 /* Frameworks */ = {
			isa = PBXFrameworksBuildPhase;
			buildActionMask = 2147483647;
			files = (
			);
			runOnlyForDeploymentPostprocessing = 0;
		};
		BDCA2DA62C5BCD4000F193E6 /* Frameworks */ = {
			isa = PBXFrameworksBuildPhase;
			buildActionMask = 2147483647;
			files = (
			);
			runOnlyForDeploymentPostprocessing = 0;
		};
		BDCA2DB02C5BCD4000F193E6 /* Frameworks */ = {
			isa = PBXFrameworksBuildPhase;
			buildActionMask = 2147483647;
			files = (
			);
			runOnlyForDeploymentPostprocessing = 0;
		};
/* End PBXFrameworksBuildPhase section */

/* Begin PBXGroup section */
		BDCA2D8E2C5BCD3E00F193E6 = {
			isa = PBXGroup;
			children = (
				BDCA2D992C5BCD3F00F193E6 /* DailyProgressDemo */,
				BDCA2DAC2C5BCD4000F193E6 /* DailyProgressDemoTests */,
				BDCA2DB62C5BCD4000F193E6 /* DailyProgressDemoUITests */,
				BDCA2D982C5BCD3F00F193E6 /* Products */,
			);
			sourceTree = "<group>";
		};
		BDCA2D982C5BCD3F00F193E6 /* Products */ = {
			isa = PBXGroup;
			children = (
				BDCA2D972C5BCD3F00F193E6 /* DailyProgressDemo.app */,
				BDCA2DA92C5BCD4000F193E6 /* DailyProgressDemoTests.xctest */,
				BDCA2DB32C5BCD4000F193E6 /* DailyProgressDemoUITests.xctest */,
			);
			name = Products;
			sourceTree = "<group>";
		};
/* End PBXGroup section */

/* Begin PBXNativeTarget section */
		BDCA2D962C5BCD3E00F193E6 /* DailyProgressDemo */ = {
			isa = PBXNativeTarget;
			buildConfigurationList = BDCA2DBD2C5BCD4000F193E6 /* Build configuration list for PBXNativeTarget "DailyProgressDemo" */;
			buildPhases = (
				BDCA2D932C5BCD3E00F193E6 /* Sources */,
				BDCA2D942C5BCD3E00F193E6 /* Frameworks */,
				BDCA2D952C5BCD3E00F193E6 /* Resources */,
			);
			buildRules = (
			);
			dependencies = (
			);
			fileSystemSynchronizedGroups = (
				BDCA2D992C5BCD3F00F193E6 /* DailyProgressDemo */,
			);
			name = DailyProgressDemo;
			packageProductDependencies = (
			);
			productName = DailyProgressDemo;
			productReference = BDCA2D972C5BCD3F00F193E6 /* DailyProgressDemo.app */;
			productType = "com.apple.product-type.application";
		};
		BDCA2DA82C5BCD4000F193E6 /* DailyProgressDemoTests */ = {
			isa = PBXNativeTarget;
			buildConfigurationList = BDCA2DC02C5BCD4000F193E6 /* Build configuration list for PBXNativeTarget "DailyProgressDemoTests" */;
			buildPhases = (
				BDCA2DA52C5BCD4000F193E6 /* Sources */,
				BDCA2DA62C5BCD4000F193E6 /* Frameworks */,
				BDCA2DA72C5BCD4000F193E6 /* Resources */,
			);
			buildRules = (
			);
			dependencies = (
				BDCA2DAB2C5BCD4000F193E6 /* PBXTargetDependency */,
			);
			fileSystemSynchronizedGroups = (
				BDCA2DAC2C5BCD4000F193E6 /* DailyProgressDemoTests */,
			);
			name = DailyProgressDemoTests;
			packageProductDependencies = (
			);
			productName = DailyProgressDemoTests;
			productReference = BDCA2DA92C5BCD4000F193E6 /* DailyProgressDemoTests.xctest */;
			productType = "com.apple.product-type.bundle.unit-test";
		};
		BDCA2DB22C5BCD4000F193E6 /* DailyProgressDemoUITests */ = {
			isa = PBXNativeTarget;
			buildConfigurationList = BDCA2DC32C5BCD4000F193E6 /* Build configuration list for PBXNativeTarget "DailyProgressDemoUITests" */;
			buildPhases = (
				BDCA2DAF2C5BCD4000F193E6 /* Sources */,
				BDCA2DB02C5BCD4000F193E6 /* Frameworks */,
				BDCA2DB12C5BCD4000F193E6 /* Resources */,
			);
			buildRules = (
			);
			dependencies = (
				BDCA2DB52C5BCD4000F193E6 /* PBXTargetDependency */,
			);
			fileSystemSynchronizedGroups = (
				BDCA2DB62C5BCD4000F193E6 /* DailyProgressDemoUITests */,
			);
			name = DailyProgressDemoUITests;
			packageProductDependencies = (
			);
			productName = DailyProgressDemoUITests;
			productReference = BDCA2DB32C5BCD4000F193E6 /* DailyProgressDemoUITests.xctest */;
			productType = "com.apple.product-type.bundle.ui-testing";
		};
/* End PBXNativeTarget section */

/* Begin PBXProject section */
		BDCA2D8F2C5BCD3E00F193E6 /* Project object */ = {
			isa = PBXProject;
			attributes = {
				BuildIndependentTargetsInParallel = 1;
				LastSwiftUpdateCheck = 1600;
				LastUpgradeCheck = 1600;
				TargetAttributes = {
					BDCA2D962C5BCD3E00F193E6 = {
						CreatedOnToolsVersion = 16.0;
					};
					BDCA2DA82C5BCD4000F193E6 = {
						CreatedOnToolsVersion = 16.0;
						TestTargetID = BDCA2D962C5BCD3E00F193E6;
					};
					BDCA2DB22C5BCD4000F193E6 = {
						CreatedOnToolsVersion = 16.0;
						TestTargetID = BDCA2D962C5BCD3E00F193E6;
					};
				};
			};
			buildConfigurationList = BDCA2D922C5BCD3E00F193E6 /* Build configuration list for PBXProject "DailyProgressDemo" */;
			compatibilityVersion = "Xcode 15.0";
			developmentRegion = en;
			hasScannedForEncodings = 0;
			knownRegions = (
				en,
				Base,
			);
			mainGroup = BDCA2D8E2C5BCD3E00F193E6;
			productRefGroup = BDCA2D982C5BCD3F00F193E6 /* Products */;
			projectDirPath = "";
			projectRoot = "";
			targets = (
				BDCA2D962C5BCD3E00F193E6 /* DailyProgressDemo */,
				BDCA2DA82C5BCD4000F193E6 /* DailyProgressDemoTests */,
				BDCA2DB22C5BCD4000F193E6 /* DailyProgressDemoUITests */,
			);
		};
/* End PBXProject section */

/* Begin PBXResourcesBuildPhase section */
		BDCA2D952C5BCD3E00F193E6 /* Resources */ = {
			isa = PBXResourcesBuildPhase;
			buildActionMask = 2147483647;
			files = (
			);
			runOnlyForDeploymentPostprocessing = 0;
		};
		BDCA2DA72C5BCD4000F193E6 /* Resources */ = {
			isa = PBXResourcesBuildPhase;
			buildActionMask = 2147483647;
			files = (
			);
			runOnlyForDeploymentPostprocessing = 0;
		};
		BDCA2DB12C5BCD4000F193E6 /* Resources */ = {
			isa = PBXResourcesBuildPhase;
			buildActionMask = 2147483647;
			files = (
			);
			runOnlyForDeploymentPostprocessing = 0;
		};
/* End PBXResourcesBuildPhase section */

/* Begin PBXSourcesBuildPhase section */
		BDCA2D932C5BCD3E00F193E6 /* Sources */ = {
			isa = PBXSourcesBuildPhase;
			buildActionMask = 2147483647;
			files = (
			);
			runOnlyForDeploymentPostprocessing = 0;
		};
		BDCA2DA52C5BCD4000F193E6 /* Sources */ = {
			isa = PBXSourcesBuildPhase;
			buildActionMask = 2147483647;
			files = (
			);
			runOnlyForDeploymentPostprocessing = 0;
		};
		BDCA2DAF2C5BCD4000F193E6 /* Sources */ = {
			isa = PBXSourcesBuildPhase;
			buildActionMask = 2147483647;
			files = (
			);
			runOnlyForDeploymentPostprocessing = 0;
		};
/* End PBXSourcesBuildPhase section */

/* Begin PBXTargetDependency section */
		BDCA2DAB2C5BCD4000F193E6 /* PBXTargetDependency */ = {
			isa = PBXTargetDependency;
			target = BDCA2D962C5BCD3E00F193E6 /* DailyProgressDemo */;
			targetProxy = BDCA2DAA2C5BCD4000F193E6 /* PBXContainerItemProxy */;
		};
		BDCA2DB52C5BCD4000F193E6 /* PBXTargetDependency */ = {
			isa = PBXTargetDependency;
			target = BDCA2D962C5BCD3E00F193E6 /* DailyProgressDemo */;
			targetProxy = BDCA2DB42C5BCD4000F193E6 /* PBXContainerItemProxy */;
		};
/* End PBXTargetDependency section */

/* Begin XCBuildConfiguration section */
		BDCA2DBB2C5BCD4000F193E6 /* Debug */ = {
			isa = XCBuildConfiguration;
			buildSettings = {
				ALWAYS_SEARCH_USER_PATHS = NO;
				ASSETCATALOG_COMPILER_GENERATE_SWIFT_ASSET_SYMBOL_EXTENSIONS = YES;
				CLANG_ANALYZER_NONNULL = YES;
				CLANG_ANALYZER_NUMBER_OBJECT_CONVERSION = YES_AGGRESSIVE;
				CLANG_CXX_LANGUAGE_STANDARD = "gnu++20";
				CLANG_ENABLE_MODULES = YES;
				CLANG_ENABLE_OBJC_ARC = YES;
				CLANG_ENABLE_OBJC_WEAK = YES;
				CLANG_WARN_BLOCK_CAPTURE_AUTORELEASING = YES;
				CLANG_WARN_BOOL_CONVERSION = YES;
				CLANG_WARN_COMMA = YES;
				CLANG_WARN_CONSTANT_CONVERSION = YES;
				CLANG_WARN_DEPRECATED_OBJC_IMPLEMENTATIONS = YES;
				CLANG_WARN_DIRECT_OBJC_ISA_USAGE = YES_ERROR;
				CLANG_WARN_DOCUMENTATION_COMMENTS = YES;
				CLANG_WARN_EMPTY_BODY = YES;
				CLANG_WARN_ENUM_CONVERSION = YES;
				CLANG_WARN_INFINITE_RECURSION = YES;
				CLANG_WARN_INT_CONVERSION = YES;
				CLANG_WARN_NON_LITERAL_NULL_CONVERSION = YES;
				CLANG_WARN_OBJC_IMPLICIT_RETAIN_SELF = YES;
				CLANG_WARN_OBJC_LITERAL_CONVERSION = YES;
				CLANG_WARN_OBJC_ROOT_CLASS = YES_ERROR;
				CLANG_WARN_QUOTED_INCLUDE_IN_FRAMEWORK_HEADER = YES;
				CLANG_WARN_RANGE_LOOP_ANALYSIS = YES;
				CLANG_WARN_STRICT_PROTOTYPES = YES;
				CLANG_WARN_SUSPICIOUS_MOVE = YES;
				CLANG_WARN_UNGUARDED_AVAILABILITY = YES_AGGRESSIVE;
				CLANG_WARN_UNREACHABLE_CODE = YES;
				CLANG_WARN__DUPLICATE_METHOD_MATCH = YES;
				COPY_PHASE_STRIP = NO;
				DEBUG_INFORMATION_FORMAT = dwarf;
				ENABLE_STRICT_OBJC_MSGSEND = YES;
				ENABLE_TESTABILITY = YES;
				ENABLE_USER_SCRIPT_SANDBOXING = YES;
				GCC_C_LANGUAGE_STANDARD = gnu17;
				GCC_DYNAMIC_NO_PIC = NO;
				GCC_NO_COMMON_BLOCKS = YES;
				GCC_OPTIMIZATION_LEVEL = 0;
				GCC_PREPROCESSOR_DEFINITIONS = (
					"DEBUG=1",
					"$(inherited)",
				);
				GCC_WARN_64_TO_32_BIT_CONVERSION = YES;
				GCC_WARN_ABOUT_RETURN_TYPE = YES_ERROR;
				GCC_WARN_UNDECLARED_SELECTOR = YES;
				GCC_WARN_UNINITIALIZED_AUTOS = YES_AGGRESSIVE;
				GCC_WARN_UNUSED_FUNCTION = YES;
				GCC_WARN_UNUSED_VARIABLE = YES;
				IPHONEOS_DEPLOYMENT_TARGET = 18.0;
				LOCALIZATION_PREFERS_STRING_CATALOGS = YES;
				MTL_ENABLE_DEBUG_INFO = INCLUDE_SOURCE;
				MTL_FAST_MATH = YES;
				ONLY_ACTIVE_ARCH = YES;
				SDKROOT = iphoneos;
				SWIFT_ACTIVE_COMPILATION_CONDITIONS = "DEBUG $(inherited)";
				SWIFT_OPTIMIZATION_LEVEL = "-Onone";
			};
			name = Debug;
		};
		BDCA2DBC2C5BCD4000F193E6 /* Release */ = {
			isa = XCBuildConfiguration;
			buildSettings = {
				ALWAYS_SEARCH_USER_PATHS = NO;
				ASSETCATALOG_COMPILER_GENERATE_SWIFT_ASSET_SYMBOL_EXTENSIONS = YES;
				CLANG_ANALYZER_NONNULL = YES;
				CLANG_ANALYZER_NUMBER_OBJECT_CONVERSION = YES_AGGRESSIVE;
				CLANG_CXX_LANGUAGE_STANDARD = "gnu++20";
				CLANG_ENABLE_MODULES = YES;
				CLANG_ENABLE_OBJC_ARC = YES;
				CLANG_ENABLE_OBJC_WEAK = YES;
				CLANG_WARN_BLOCK_CAPTURE_AUTORELEASING = YES;
				CLANG_WARN_BOOL_CONVERSION = YES;
				CLANG_WARN_COMMA = YES;
				CLANG_WARN_CONSTANT_CONVERSION = YES;
				CLANG_WARN_DEPRECATED_OBJC_IMPLEMENTATIONS = YES;
				CLANG_WARN_DIRECT_OBJC_ISA_USAGE = YES_ERROR;
				CLANG_WARN_DOCUMENTATION_COMMENTS = YES;
				CLANG_WARN_EMPTY_BODY = YES;
				CLANG_WARN_ENUM_CONVERSION = YES;
				CLANG_WARN_INFINITE_RECURSION = YES;
				CLANG_WARN_INT_CONVERSION = YES;
				CLANG_WARN_NON_LITERAL_NULL_CONVERSION = YES;
				CLANG_WARN_OBJC_IMPLICIT_RETAIN_SELF = YES;
				CLANG_WARN_OBJC_LITERAL_CONVERSION = YES;
				CLANG_WARN_OBJC_ROOT_CLASS = YES_ERROR;
				CLANG_WARN_QUOTED_INCLUDE_IN_FRAMEWORK_HEADER = YES;
				CLANG_WARN_RANGE_LOOP_ANALYSIS = YES;
				CLANG_WARN_STRICT_PROTOTYPES = YES;
				CLANG_WARN_SUSPICIOUS_MOVE = YES;
				CLANG_WARN_UNGUARDED_AVAILABILITY = YES_AGGRESSIVE;
				CLANG_WARN_UNREACHABLE_CODE = YES;
				CLANG_WARN__DUPLICATE_METHOD_MATCH = YES;
				COPY_PHASE_STRIP = NO;
				DEBUG_INFORMATION_FORMAT = "dwarf-with-dsym";
				ENABLE_NS_ASSERTIONS = NO;
				ENABLE_STRICT_OBJC_MSGSEND = YES;
				ENABLE_USER_SCRIPT_SANDBOXING = YES;
				GCC_C_LANGUAGE_STANDARD = gnu17;
				GCC_NO_COMMON_BLOCKS = YES;
				GCC_WARN_64_TO_32_BIT_CONVERSION = YES;
				GCC_WARN_ABOUT_RETURN_TYPE = YES_ERROR;
				GCC_WARN_UNDECLARED_SELECTOR = YES;
				GCC_WARN_UNINITIALIZED_AUTOS = YES_AGGRESSIVE;
				GCC_WARN_UNUSED_FUNCTION = YES;
				GCC_WARN_UNUSED_VARIABLE = YES;
				IPHONEOS_DEPLOYMENT_TARGET = 18.0;
				LOCALIZATION_PREFERS_STRING_CATALOGS = YES;
				MTL_ENABLE_DEBUG_INFO = NO;
				MTL_FAST_MATH = YES;
				SDKROOT = iphoneos;
				SWIFT_COMPILATION_MODE = wholemodule;
				VALIDATE_PRODUCT = YES;
			};
			name = Release;
		};
		BDCA2DBE2C5BCD4000F193E6 /* Debug */ = {
			isa = XCBuildConfiguration;
			buildSettings = {
				ASSETCATALOG_COMPILER_APPICON_NAME = AppIcon;
				ASSETCATALOG_COMPILER_GLOBAL_ACCENT_COLOR_NAME = AccentColor;
				CODE_SIGN_STYLE = Automatic;
				CURRENT_PROJECT_VERSION = 1;
				DEVELOPMENT_ASSET_PATHS = "\"DailyProgressDemo/Preview Content\"";
				DEVELOPMENT_TEAM = LCRLD36TZ6;
				ENABLE_PREVIEWS = YES;
				GENERATE_INFOPLIST_FILE = YES;
				INFOPLIST_KEY_UIApplicationSceneManifest_Generation = YES;
				INFOPLIST_KEY_UIApplicationSupportsIndirectInputEvents = YES;
				INFOPLIST_KEY_UILaunchScreen_Generation = YES;
				INFOPLIST_KEY_UISupportedInterfaceOrientations_iPad = "UIInterfaceOrientationPortrait UIInterfaceOrientationPortraitUpsideDown UIInterfaceOrientationLandscapeLeft UIInterfaceOrientationLandscapeRight";
				INFOPLIST_KEY_UISupportedInterfaceOrientations_iPhone = "UIInterfaceOrientationPortrait UIInterfaceOrientationLandscapeLeft UIInterfaceOrientationLandscapeRight";
				IPHONEOS_DEPLOYMENT_TARGET = 17.0;
				LD_RUNPATH_SEARCH_PATHS = (
					"$(inherited)",
					"@executable_path/Frameworks",
				);
				MARKETING_VERSION = 1.0;
				PRODUCT_BUNDLE_IDENTIFIER = com.paulsolt.DailyProgressDemo;
				PRODUCT_NAME = "$(TARGET_NAME)";
				SWIFT_EMIT_LOC_STRINGS = YES;
				SWIFT_VERSION = 5.0;
				TARGETED_DEVICE_FAMILY = "1,2";
			};
			name = Debug;
		};
		BDCA2DBF2C5BCD4000F193E6 /* Release */ = {
			isa = XCBuildConfiguration;
			buildSettings = {
				ASSETCATALOG_COMPILER_APPICON_NAME = AppIcon;
				ASSETCATALOG_COMPILER_GLOBAL_ACCENT_COLOR_NAME = AccentColor;
				CODE_SIGN_STYLE = Automatic;
				CURRENT_PROJECT_VERSION = 1;
				DEVELOPMENT_ASSET_PATHS = "\"DailyProgressDemo/Preview Content\"";
				DEVELOPMENT_TEAM = LCRLD36TZ6;
				ENABLE_PREVIEWS = YES;
				GENERATE_INFOPLIST_FILE = YES;
				INFOPLIST_KEY_UIApplicationSceneManifest_Generation = YES;
				INFOPLIST_KEY_UIApplicationSupportsIndirectInputEvents = YES;
				INFOPLIST_KEY_UILaunchScreen_Generation = YES;
				INFOPLIST_KEY_UISupportedInterfaceOrientations_iPad = "UIInterfaceOrientationPortrait UIInterfaceOrientationPortraitUpsideDown UIInterfaceOrientationLandscapeLeft UIInterfaceOrientationLandscapeRight";
				INFOPLIST_KEY_UISupportedInterfaceOrientations_iPhone = "UIInterfaceOrientationPortrait UIInterfaceOrientationLandscapeLeft UIInterfaceOrientationLandscapeRight";
				IPHONEOS_DEPLOYMENT_TARGET = 17.0;
				LD_RUNPATH_SEARCH_PATHS = (
					"$(inherited)",
					"@executable_path/Frameworks",
				);
				MARKETING_VERSION = 1.0;
				PRODUCT_BUNDLE_IDENTIFIER = com.paulsolt.DailyProgressDemo;
				PRODUCT_NAME = "$(TARGET_NAME)";
				SWIFT_EMIT_LOC_STRINGS = YES;
				SWIFT_VERSION = 5.0;
				TARGETED_DEVICE_FAMILY = "1,2";
			};
			name = Release;
		};
		BDCA2DC12C5BCD4000F193E6 /* Debug */ = {
			isa = XCBuildConfiguration;
			buildSettings = {
				BUNDLE_LOADER = "$(TEST_HOST)";
				CODE_SIGN_STYLE = Automatic;
				CURRENT_PROJECT_VERSION = 1;
				DEVELOPMENT_TEAM = LCRLD36TZ6;
				GENERATE_INFOPLIST_FILE = YES;
				IPHONEOS_DEPLOYMENT_TARGET = 18.0;
				MARKETING_VERSION = 1.0;
				PRODUCT_BUNDLE_IDENTIFIER = com.paulsolt.DailyProgressDemoTests;
				PRODUCT_NAME = "$(TARGET_NAME)";
				SWIFT_EMIT_LOC_STRINGS = NO;
				SWIFT_VERSION = 5.0;
				TARGETED_DEVICE_FAMILY = "1,2";
				TEST_HOST = "$(BUILT_PRODUCTS_DIR)/DailyProgressDemo.app/$(BUNDLE_EXECUTABLE_FOLDER_PATH)/DailyProgressDemo";
			};
			name = Debug;
		};
		BDCA2DC22C5BCD4000F193E6 /* Release */ = {
			isa = XCBuildConfiguration;
			buildSettings = {
				BUNDLE_LOADER = "$(TEST_HOST)";
				CODE_SIGN_STYLE = Automatic;
				CURRENT_PROJECT_VERSION = 1;
				DEVELOPMENT_TEAM = LCRLD36TZ6;
				GENERATE_INFOPLIST_FILE = YES;
				IPHONEOS_DEPLOYMENT_TARGET = 18.0;
				MARKETING_VERSION = 1.0;
				PRODUCT_BUNDLE_IDENTIFIER = com.paulsolt.DailyProgressDemoTests;
				PRODUCT_NAME = "$(TARGET_NAME)";
				SWIFT_EMIT_LOC_STRINGS = NO;
				SWIFT_VERSION = 5.0;
				TARGETED_DEVICE_FAMILY = "1,2";
				TEST_HOST = "$(BUILT_PRODUCTS_DIR)/DailyProgressDemo.app/$(BUNDLE_EXECUTABLE_FOLDER_PATH)/DailyProgressDemo";
			};
			name = Release;
		};
		BDCA2DC42C5BCD4000F193E6 /* Debug */ = {
			isa = XCBuildConfiguration;
			buildSettings = {
				CODE_SIGN_STYLE = Automatic;
				CURRENT_PROJECT_VERSION = 1;
				DEVELOPMENT_TEAM = LCRLD36TZ6;
				GENERATE_INFOPLIST_FILE = YES;
				MARKETING_VERSION = 1.0;
				PRODUCT_BUNDLE_IDENTIFIER = com.paulsolt.DailyProgressDemoUITests;
				PRODUCT_NAME = "$(TARGET_NAME)";
				SWIFT_EMIT_LOC_STRINGS = NO;
				SWIFT_VERSION = 5.0;
				TARGETED_DEVICE_FAMILY = "1,2";
				TEST_TARGET_NAME = DailyProgressDemo;
			};
			name = Debug;
		};
		BDCA2DC52C5BCD4000F193E6 /* Release */ = {
			isa = XCBuildConfiguration;
			buildSettings = {
				CODE_SIGN_STYLE = Automatic;
				CURRENT_PROJECT_VERSION = 1;
				DEVELOPMENT_TEAM = LCRLD36TZ6;
				GENERATE_INFOPLIST_FILE = YES;
				MARKETING_VERSION = 1.0;
				PRODUCT_BUNDLE_IDENTIFIER = com.paulsolt.DailyProgressDemoUITests;
				PRODUCT_NAME = "$(TARGET_NAME)";
				SWIFT_EMIT_LOC_STRINGS = NO;
				SWIFT_VERSION = 5.0;
				TARGETED_DEVICE_FAMILY = "1,2";
				TEST_TARGET_NAME = DailyProgressDemo;
			};
			name = Release;
		};
/* End XCBuildConfiguration section */

/* Begin XCConfigurationList section */
		BDCA2D922C5BCD3E00F193E6 /* Build configuration list for PBXProject "DailyProgressDemo" */ = {
			isa = XCConfigurationList;
			buildConfigurations = (
				BDCA2DBB2C5BCD4000F193E6 /* Debug */,
				BDCA2DBC2C5BCD4000F193E6 /* Release */,
			);
			defaultConfigurationIsVisible = 0;
			defaultConfigurationName = Release;
		};
		BDCA2DBD2C5BCD4000F193E6 /* Build configuration list for PBXNativeTarget "DailyProgressDemo" */ = {
			isa = XCConfigurationList;
			buildConfigurations = (
				BDCA2DBE2C5BCD4000F193E6 /* Debug */,
				BDCA2DBF2C5BCD4000F193E6 /* Release */,
			);
			defaultConfigurationIsVisible = 0;
			defaultConfigurationName = Release;
		};
		BDCA2DC02C5BCD4000F193E6 /* Build configuration list for PBXNativeTarget "DailyProgressDemoTests" */ = {
			isa = XCConfigurationList;
			buildConfigurations = (
				BDCA2DC12C5BCD4000F193E6 /* Debug */,
				BDCA2DC22C5BCD4000F193E6 /* Release */,
			);
			defaultConfigurationIsVisible = 0;
			defaultConfigurationName = Release;
		};
		BDCA2DC32C5BCD4000F193E6 /* Build configuration list for PBXNativeTarget "DailyProgressDemoUITests" */ = {
			isa = XCConfigurationList;
			buildConfigurations = (
				BDCA2DC42C5BCD4000F193E6 /* Debug */,
				BDCA2DC52C5BCD4000F193E6 /* Release */,
			);
			defaultConfigurationIsVisible = 0;
			defaultConfigurationName = Release;
		};
/* End XCConfigurationList section */
	};
	rootObject = BDCA2D8F2C5BCD3E00F193E6 /* Project object */;
}
