// !$*UTF8*$!
{
	archiveVersion = 1;
	classes = {
	};
	objectVersion = 60;
	objects = {

/* Begin PBXBuildFile section */
		BD0F54622C513B3800D7ECCE /* Swift_Data_DemoApp.swift in Sources */ = {isa = PBXBuildFile; fileRef = BD0F54612C513B3800D7ECCE /* Swift_Data_DemoApp.swift */; };
		BD0F54642C513B3800D7ECCE /* CoffeeRecipeList.swift in Sources */ = {isa = PBXBuildFile; fileRef = BD0F54632C513B3800D7ECCE /* CoffeeRecipeList.swift */; };
		BD0F54662C513B3800D7ECCE /* CoffeeRecipe.swift in Sources */ = {isa = PBXBuildFile; fileRef = BD0F54652C513B3800D7ECCE /* CoffeeRecipe.swift */; };
		BD0F54682C513B3900D7ECCE /* Assets.xcassets in Resources */ = {isa = PBXBuildFile; fileRef = BD0F54672C513B3900D7ECCE /* Assets.xcassets */; };
		BD0F546B2C513B3900D7ECCE /* Preview Assets.xcassets in Resources */ = {isa = PBXBuildFile; fileRef = BD0F546A2C513B3900D7ECCE /* Preview Assets.xcassets */; };
		BD0F54752C513B3900D7ECCE /* Swift_Data_DemoTests.swift in Sources */ = {isa = PBXBuildFile; fileRef = BD0F54742C513B3900D7ECCE /* Swift_Data_DemoTests.swift */; };
		BD8BB8F92C61284E004EDA01 /* Swift-Data-Demo-Info.plist in Resources */ = {isa = PBXBuildFile; fileRef = BD0F548E2C51463500D7ECCE /* Swift-Data-Demo-Info.plist */; };
/* End PBXBuildFile section */

/* Begin PBXContainerItemProxy section */
		BD0F54712C513B3900D7ECCE /* PBXContainerItemProxy */ = {
			isa = PBXContainerItemProxy;
			containerPortal = BD0F54562C513B3800D7ECCE /* Project object */;
			proxyType = 1;
			remoteGlobalIDString = BD0F545D2C513B3800D7ECCE;
			remoteInfo = "Swift Data Demo";
		};
/* End PBXContainerItemProxy section */

/* Begin PBXFileReference section */
		BD0F545E2C513B3800D7ECCE /* Swift Data Demo.app */ = {isa = PBXFileReference; explicitFileType = wrapper.application; includeInIndex = 0; path = "Swift Data Demo.app"; sourceTree = BUILT_PRODUCTS_DIR; };
		BD0F54612C513B3800D7ECCE /* Swift_Data_DemoApp.swift */ = {isa = PBXFileReference; lastKnownFileType = sourcecode.swift; path = Swift_Data_DemoApp.swift; sourceTree = "<group>"; };
		BD0F54632C513B3800D7ECCE /* CoffeeRecipeList.swift */ = {isa = PBXFileReference; lastKnownFileType = sourcecode.swift; path = CoffeeRecipeList.swift; sourceTree = "<group>"; };
		BD0F54652C513B3800D7ECCE /* CoffeeRecipe.swift */ = {isa = PBXFileReference; lastKnownFileType = sourcecode.swift; path = CoffeeRecipe.swift; sourceTree = "<group>"; };
		BD0F54672C513B3900D7ECCE /* Assets.xcassets */ = {isa = PBXFileReference; lastKnownFileType = folder.assetcatalog; path = Assets.xcassets; sourceTree = "<group>"; };
		BD0F546A2C513B3900D7ECCE /* Preview Assets.xcassets */ = {isa = PBXFileReference; lastKnownFileType = folder.assetcatalog; path = "Preview Assets.xcassets"; sourceTree = "<group>"; };
		BD0F54702C513B3900D7ECCE /* Swift Data DemoTests.xctest */ = {isa = PBXFileReference; explicitFileType = wrapper.cfbundle; includeInIndex = 0; path = "Swift Data DemoTests.xctest"; sourceTree = BUILT_PRODUCTS_DIR; };
		BD0F54742C513B3900D7ECCE /* Swift_Data_DemoTests.swift */ = {isa = PBXFileReference; lastKnownFileType = sourcecode.swift; path = Swift_Data_DemoTests.swift; sourceTree = "<group>"; };
		BD0F548D2C51460500D7ECCE /* Swift Data Demo.entitlements */ = {isa = PBXFileReference; lastKnownFileType = text.plist.entitlements; path = "Swift Data Demo.entitlements"; sourceTree = "<group>"; };
		BD0F548E2C51463500D7ECCE /* Swift-Data-Demo-Info.plist */ = {isa = PBXFileReference; lastKnownFileType = text.plist.xml; name = "Swift-Data-Demo-Info.plist"; path = "Swift Data Demo/Swift-Data-Demo-Info.plist"; sourceTree = SOURCE_ROOT; };
/* End PBXFileReference section */

/* Begin PBXFrameworksBuildPhase section */
		BD0F545B2C513B3800D7ECCE /* Frameworks */ = {
			isa = PBXFrameworksBuildPhase;
			buildActionMask = 2147483647;
			files = (
			);
			runOnlyForDeploymentPostprocessing = 0;
		};
		BD0F546D2C513B3900D7ECCE /* Frameworks */ = {
			isa = PBXFrameworksBuildPhase;
			buildActionMask = 2147483647;
			files = (
			);
			runOnlyForDeploymentPostprocessing = 0;
		};
/* End PBXFrameworksBuildPhase section */

/* Begin PBXGroup section */
		BD0F54552C513B3800D7ECCE = {
			isa = PBXGroup;
			children = (
				BD0F54602C513B3800D7ECCE /* Swift Data Demo */,
				BD0F54732C513B3900D7ECCE /* Swift Data DemoTests */,
				BD0F545F2C513B3800D7ECCE /* Products */,
			);
			sourceTree = "<group>";
		};
		BD0F545F2C513B3800D7ECCE /* Products */ = {
			isa = PBXGroup;
			children = (
				BD0F545E2C513B3800D7ECCE /* Swift Data Demo.app */,
				BD0F54702C513B3900D7ECCE /* Swift Data DemoTests.xctest */,
			);
			name = Products;
			sourceTree = "<group>";
		};
		BD0F54602C513B3800D7ECCE /* Swift Data Demo */ = {
			isa = PBXGroup;
			children = (
				BD0F548E2C51463500D7ECCE /* Swift-Data-Demo-Info.plist */,
				BD0F548D2C51460500D7ECCE /* Swift Data Demo.entitlements */,
				BD0F54612C513B3800D7ECCE /* Swift_Data_DemoApp.swift */,
				BD0F54632C513B3800D7ECCE /* CoffeeRecipeList.swift */,
				BD0F54652C513B3800D7ECCE /* CoffeeRecipe.swift */,
				BD0F54672C513B3900D7ECCE /* Assets.xcassets */,
				BD0F54692C513B3900D7ECCE /* Preview Content */,
			);
			path = "Swift Data Demo";
			sourceTree = "<group>";
		};
		BD0F54692C513B3900D7ECCE /* Preview Content */ = {
			isa = PBXGroup;
			children = (
				BD0F546A2C513B3900D7ECCE /* Preview Assets.xcassets */,
			);
			path = "Preview Content";
			sourceTree = "<group>";
		};
		BD0F54732C513B3900D7ECCE /* Swift Data DemoTests */ = {
			isa = PBXGroup;
			children = (
				BD0F54742C513B3900D7ECCE /* Swift_Data_DemoTests.swift */,
			);
			path = "Swift Data DemoTests";
			sourceTree = "<group>";
		};
/* End PBXGroup section */

/* Begin PBXNativeTarget section */
		BD0F545D2C513B3800D7ECCE /* Swift Data Demo */ = {
			isa = PBXNativeTarget;
			buildConfigurationList = BD0F54842C513B3900D7ECCE /* Build configuration list for PBXNativeTarget "Swift Data Demo" */;
			buildPhases = (
				BD0F545A2C513B3800D7ECCE /* Sources */,
				BD0F545B2C513B3800D7ECCE /* Frameworks */,
				BD0F545C2C513B3800D7ECCE /* Resources */,
			);
			buildRules = (
			);
			dependencies = (
			);
			name = "Swift Data Demo";
			productName = "Swift Data Demo";
			productReference = BD0F545E2C513B3800D7ECCE /* Swift Data Demo.app */;
			productType = "com.apple.product-type.application";
		};
		BD0F546F2C513B3900D7ECCE /* Swift Data DemoTests */ = {
			isa = PBXNativeTarget;
			buildConfigurationList = BD0F54872C513B3900D7ECCE /* Build configuration list for PBXNativeTarget "Swift Data DemoTests" */;
			buildPhases = (
				BD0F546C2C513B3900D7ECCE /* Sources */,
				BD0F546D2C513B3900D7ECCE /* Frameworks */,
				BD0F546E2C513B3900D7ECCE /* Resources */,
			);
			buildRules = (
			);
			dependencies = (
				BD0F54722C513B3900D7ECCE /* PBXTargetDependency */,
			);
			name = "Swift Data DemoTests";
			productName = "Swift Data DemoTests";
			productReference = BD0F54702C513B3900D7ECCE /* Swift Data DemoTests.xctest */;
			productType = "com.apple.product-type.bundle.unit-test";
		};
/* End PBXNativeTarget section */

/* Begin PBXProject section */
		BD0F54562C513B3800D7ECCE /* Project object */ = {
			isa = PBXProject;
			attributes = {
				BuildIndependentTargetsInParallel = 1;
				LastSwiftUpdateCheck = 1600;
				LastUpgradeCheck = 1600;
				TargetAttributes = {
					BD0F545D2C513B3800D7ECCE = {
						CreatedOnToolsVersion = 16.0;
					};
					BD0F546F2C513B3900D7ECCE = {
						CreatedOnToolsVersion = 16.0;
						TestTargetID = BD0F545D2C513B3800D7ECCE;
					};
				};
			};
			buildConfigurationList = BD0F54592C513B3800D7ECCE /* Build configuration list for PBXProject "Swift Data Demo" */;
			compatibilityVersion = "Xcode 15.0";
			developmentRegion = en;
			hasScannedForEncodings = 0;
			knownRegions = (
				en,
				Base,
			);
			mainGroup = BD0F54552C513B3800D7ECCE;
			productRefGroup = BD0F545F2C513B3800D7ECCE /* Products */;
			projectDirPath = "";
			projectRoot = "";
			targets = (
				BD0F545D2C513B3800D7ECCE /* Swift Data Demo */,
				BD0F546F2C513B3900D7ECCE /* Swift Data DemoTests */,
			);
		};
/* End PBXProject section */

/* Begin PBXResourcesBuildPhase section */
		BD0F545C2C513B3800D7ECCE /* Resources */ = {
			isa = PBXResourcesBuildPhase;
			buildActionMask = 2147483647;
			files = (
				BD8BB8F92C61284E004EDA01 /* Swift-Data-Demo-Info.plist in Resources */,
				BD0F546B2C513B3900D7ECCE /* Preview Assets.xcassets in Resources */,
				BD0F54682C513B3900D7ECCE /* Assets.xcassets in Resources */,
			);
			runOnlyForDeploymentPostprocessing = 0;
		};
		BD0F546E2C513B3900D7ECCE /* Resources */ = {
			isa = PBXResourcesBuildPhase;
			buildActionMask = 2147483647;
			files = (
			);
			runOnlyForDeploymentPostprocessing = 0;
		};
/* End PBXResourcesBuildPhase section */

/* Begin PBXSourcesBuildPhase section */
		BD0F545A2C513B3800D7ECCE /* Sources */ = {
			isa = PBXSourcesBuildPhase;
			buildActionMask = 2147483647;
			files = (
				BD0F54642C513B3800D7ECCE /* CoffeeRecipeList.swift in Sources */,
				BD0F54662C513B3800D7ECCE /* CoffeeRecipe.swift in Sources */,
				BD0F54622C513B3800D7ECCE /* Swift_Data_DemoApp.swift in Sources */,
			);
			runOnlyForDeploymentPostprocessing = 0;
		};
		BD0F546C2C513B3900D7ECCE /* Sources */ = {
			isa = PBXSourcesBuildPhase;
			buildActionMask = 2147483647;
			files = (
				BD0F54752C513B3900D7ECCE /* Swift_Data_DemoTests.swift in Sources */,
			);
			runOnlyForDeploymentPostprocessing = 0;
		};
/* End PBXSourcesBuildPhase section */

/* Begin PBXTargetDependency section */
		BD0F54722C513B3900D7ECCE /* PBXTargetDependency */ = {
			isa = PBXTargetDependency;
			target = BD0F545D2C513B3800D7ECCE /* Swift Data Demo */;
			targetProxy = BD0F54712C513B3900D7ECCE /* PBXContainerItemProxy */;
		};
/* End PBXTargetDependency section */

/* Begin XCBuildConfiguration section */
		BD0F54822C513B3900D7ECCE /* Debug */ = {
			isa = XCBuildConfiguration;
			buildSettings = {
				ALWAYS_SEARCH_USER_PATHS = NO;
				ASSETCATALOG_COMPILER_GENERATE_SWIFT_ASSET_SYMBOL_EXTENSIONS = YES;
				CLANG_ANALYZER_NONNULL = YES;
				CLANG_ANALYZER_NUMBER_OBJECT_CONVERSION = YES_AGGRESSIVE;
				CLANG_CXX_LANGUAGE_STANDARD = "gnu++20";
				CLANG_ENABLE_MODULES = YES;
				CLANG_ENABLE_OBJC_ARC = YES;
				CLANG_ENABLE_OBJC_WEAK = YES;
				CLANG_WARN_BLOCK_CAPTURE_AUTORELEASING = YES;
				CLANG_WARN_BOOL_CONVERSION = YES;
				CLANG_WARN_COMMA = YES;
				CLANG_WARN_CONSTANT_CONVERSION = YES;
				CLANG_WARN_DEPRECATED_OBJC_IMPLEMENTATIONS = YES;
				CLANG_WARN_DIRECT_OBJC_ISA_USAGE = YES_ERROR;
				CLANG_WARN_DOCUMENTATION_COMMENTS = YES;
				CLANG_WARN_EMPTY_BODY = YES;
				CLANG_WARN_ENUM_CONVERSION = YES;
				CLANG_WARN_INFINITE_RECURSION = YES;
				CLANG_WARN_INT_CONVERSION = YES;
				CLANG_WARN_NON_LITERAL_NULL_CONVERSION = YES;
				CLANG_WARN_OBJC_IMPLICIT_RETAIN_SELF = YES;
				CLANG_WARN_OBJC_LITERAL_CONVERSION = YES;
				CLANG_WARN_OBJC_ROOT_CLASS = YES_ERROR;
				CLANG_WARN_QUOTED_INCLUDE_IN_FRAMEWORK_HEADER = YES;
				CLANG_WARN_RANGE_LOOP_ANALYSIS = YES;
				CLANG_WARN_STRICT_PROTOTYPES = YES;
				CLANG_WARN_SUSPICIOUS_MOVE = YES;
				CLANG_WARN_UNGUARDED_AVAILABILITY = YES_AGGRESSIVE;
				CLANG_WARN_UNREACHABLE_CODE = YES;
				CLANG_WARN__DUPLICATE_METHOD_MATCH = YES;
				COPY_PHASE_STRIP = NO;
				DEBUG_INFORMATION_FORMAT = dwarf;
				ENABLE_STRICT_OBJC_MSGSEND = YES;
				ENABLE_TESTABILITY = YES;
				ENABLE_USER_SCRIPT_SANDBOXING = YES;
				GCC_C_LANGUAGE_STANDARD = gnu17;
				GCC_DYNAMIC_NO_PIC = NO;
				GCC_NO_COMMON_BLOCKS = YES;
				GCC_OPTIMIZATION_LEVEL = 0;
				GCC_PREPROCESSOR_DEFINITIONS = (
					"DEBUG=1",
					"$(inherited)",
				);
				GCC_WARN_64_TO_32_BIT_CONVERSION = YES;
				GCC_WARN_ABOUT_RETURN_TYPE = YES_ERROR;
				GCC_WARN_UNDECLARED_SELECTOR = YES;
				GCC_WARN_UNINITIALIZED_AUTOS = YES_AGGRESSIVE;
				GCC_WARN_UNUSED_FUNCTION = YES;
				GCC_WARN_UNUSED_VARIABLE = YES;
				IPHONEOS_DEPLOYMENT_TARGET = 18.0;
				LOCALIZATION_PREFERS_STRING_CATALOGS = YES;
				MTL_ENABLE_DEBUG_INFO = INCLUDE_SOURCE;
				MTL_FAST_MATH = YES;
				ONLY_ACTIVE_ARCH = YES;
				SDKROOT = iphoneos;
				SWIFT_ACTIVE_COMPILATION_CONDITIONS = "DEBUG $(inherited)";
				SWIFT_OPTIMIZATION_LEVEL = "-Onone";
			};
			name = Debug;
		};
		BD0F54832C513B3900D7ECCE /* Release */ = {
			isa = XCBuildConfiguration;
			buildSettings = {
				ALWAYS_SEARCH_USER_PATHS = NO;
				ASSETCATALOG_COMPILER_GENERATE_SWIFT_ASSET_SYMBOL_EXTENSIONS = YES;
				CLANG_ANALYZER_NONNULL = YES;
				CLANG_ANALYZER_NUMBER_OBJECT_CONVERSION = YES_AGGRESSIVE;
				CLANG_CXX_LANGUAGE_STANDARD = "gnu++20";
				CLANG_ENABLE_MODULES = YES;
				CLANG_ENABLE_OBJC_ARC = YES;
				CLANG_ENABLE_OBJC_WEAK = YES;
				CLANG_WARN_BLOCK_CAPTURE_AUTORELEASING = YES;
				CLANG_WARN_BOOL_CONVERSION = YES;
				CLANG_WARN_COMMA = YES;
				CLANG_WARN_CONSTANT_CONVERSION = YES;
				CLANG_WARN_DEPRECATED_OBJC_IMPLEMENTATIONS = YES;
				CLANG_WARN_DIRECT_OBJC_ISA_USAGE = YES_ERROR;
				CLANG_WARN_DOCUMENTATION_COMMENTS = YES;
				CLANG_WARN_EMPTY_BODY = YES;
				CLANG_WARN_ENUM_CONVERSION = YES;
				CLANG_WARN_INFINITE_RECURSION = YES;
				CLANG_WARN_INT_CONVERSION = YES;
				CLANG_WARN_NON_LITERAL_NULL_CONVERSION = YES;
				CLANG_WARN_OBJC_IMPLICIT_RETAIN_SELF = YES;
				CLANG_WARN_OBJC_LITERAL_CONVERSION = YES;
				CLANG_WARN_OBJC_ROOT_CLASS = YES_ERROR;
				CLANG_WARN_QUOTED_INCLUDE_IN_FRAMEWORK_HEADER = YES;
				CLANG_WARN_RANGE_LOOP_ANALYSIS = YES;
				CLANG_WARN_STRICT_PROTOTYPES = YES;
				CLANG_WARN_SUSPICIOUS_MOVE = YES;
				CLANG_WARN_UNGUARDED_AVAILABILITY = YES_AGGRESSIVE;
				CLANG_WARN_UNREACHABLE_CODE = YES;
				CLANG_WARN__DUPLICATE_METHOD_MATCH = YES;
				COPY_PHASE_STRIP = NO;
				DEBUG_INFORMATION_FORMAT = "dwarf-with-dsym";
				ENABLE_NS_ASSERTIONS = NO;
				ENABLE_STRICT_OBJC_MSGSEND = YES;
				ENABLE_USER_SCRIPT_SANDBOXING = YES;
				GCC_C_LANGUAGE_STANDARD = gnu17;
				GCC_NO_COMMON_BLOCKS = YES;
				GCC_WARN_64_TO_32_BIT_CONVERSION = YES;
				GCC_WARN_ABOUT_RETURN_TYPE = YES_ERROR;
				GCC_WARN_UNDECLARED_SELECTOR = YES;
				GCC_WARN_UNINITIALIZED_AUTOS = YES_AGGRESSIVE;
				GCC_WARN_UNUSED_FUNCTION = YES;
				GCC_WARN_UNUSED_VARIABLE = YES;
				IPHONEOS_DEPLOYMENT_TARGET = 18.0;
				LOCALIZATION_PREFERS_STRING_CATALOGS = YES;
				MTL_ENABLE_DEBUG_INFO = NO;
				MTL_FAST_MATH = YES;
				SDKROOT = iphoneos;
				SWIFT_COMPILATION_MODE = wholemodule;
				VALIDATE_PRODUCT = YES;
			};
			name = Release;
		};
		BD0F54852C513B3900D7ECCE /* Debug */ = {
			isa = XCBuildConfiguration;
			buildSettings = {
				ASSETCATALOG_COMPILER_APPICON_NAME = AppIcon;
				ASSETCATALOG_COMPILER_GLOBAL_ACCENT_COLOR_NAME = AccentColor;
				CODE_SIGN_ENTITLEMENTS = "Swift Data Demo/Swift Data Demo.entitlements";
				CODE_SIGN_STYLE = Automatic;
				CURRENT_PROJECT_VERSION = 1;
				DEVELOPMENT_ASSET_PATHS = "\"Swift Data Demo/Preview Content\"";
				DEVELOPMENT_TEAM = LCRLD36TZ6;
				ENABLE_PREVIEWS = YES;
				GENERATE_INFOPLIST_FILE = YES;
				INFOPLIST_FILE = "Swift-Data-Demo-Info.plist";
				INFOPLIST_KEY_UIApplicationSceneManifest_Generation = YES;
				INFOPLIST_KEY_UIApplicationSupportsIndirectInputEvents = YES;
				INFOPLIST_KEY_UILaunchScreen_Generation = YES;
				INFOPLIST_KEY_UISupportedInterfaceOrientations_iPad = "UIInterfaceOrientationPortrait UIInterfaceOrientationPortraitUpsideDown UIInterfaceOrientationLandscapeLeft UIInterfaceOrientationLandscapeRight";
				INFOPLIST_KEY_UISupportedInterfaceOrientations_iPhone = "UIInterfaceOrientationPortrait UIInterfaceOrientationLandscapeLeft UIInterfaceOrientationLandscapeRight";
				IPHONEOS_DEPLOYMENT_TARGET = 17.0;
				LD_RUNPATH_SEARCH_PATHS = (
					"$(inherited)",
					"@executable_path/Frameworks",
				);
				MARKETING_VERSION = 1.0;
				PRODUCT_BUNDLE_IDENTIFIER = "com.paulsolt.Swift-Data-Demo";
				PRODUCT_NAME = "$(TARGET_NAME)";
				SWIFT_EMIT_LOC_STRINGS = YES;
				SWIFT_VERSION = 5.0;
				TARGETED_DEVICE_FAMILY = "1,2";
			};
			name = Debug;
		};
		BD0F54862C513B3900D7ECCE /* Release */ = {
			isa = XCBuildConfiguration;
			buildSettings = {
				ASSETCATALOG_COMPILER_APPICON_NAME = AppIcon;
				ASSETCATALOG_COMPILER_GLOBAL_ACCENT_COLOR_NAME = AccentColor;
				CODE_SIGN_ENTITLEMENTS = "Swift Data Demo/Swift Data Demo.entitlements";
				CODE_SIGN_STYLE = Automatic;
				CURRENT_PROJECT_VERSION = 1;
				DEVELOPMENT_ASSET_PATHS = "\"Swift Data Demo/Preview Content\"";
				DEVELOPMENT_TEAM = LCRLD36TZ6;
				ENABLE_PREVIEWS = YES;
				GENERATE_INFOPLIST_FILE = YES;
				INFOPLIST_FILE = "Swift-Data-Demo-Info.plist";
				INFOPLIST_KEY_UIApplicationSceneManifest_Generation = YES;
				INFOPLIST_KEY_UIApplicationSupportsIndirectInputEvents = YES;
				INFOPLIST_KEY_UILaunchScreen_Generation = YES;
				INFOPLIST_KEY_UISupportedInterfaceOrientations_iPad = "UIInterfaceOrientationPortrait UIInterfaceOrientationPortraitUpsideDown UIInterfaceOrientationLandscapeLeft UIInterfaceOrientationLandscapeRight";
				INFOPLIST_KEY_UISupportedInterfaceOrientations_iPhone = "UIInterfaceOrientationPortrait UIInterfaceOrientationLandscapeLeft UIInterfaceOrientationLandscapeRight";
				IPHONEOS_DEPLOYMENT_TARGET = 17.0;
				LD_RUNPATH_SEARCH_PATHS = (
					"$(inherited)",
					"@executable_path/Frameworks",
				);
				MARKETING_VERSION = 1.0;
				PRODUCT_BUNDLE_IDENTIFIER = "com.paulsolt.Swift-Data-Demo";
				PRODUCT_NAME = "$(TARGET_NAME)";
				SWIFT_EMIT_LOC_STRINGS = YES;
				SWIFT_VERSION = 5.0;
				TARGETED_DEVICE_FAMILY = "1,2";
			};
			name = Release;
		};
		BD0F54882C513B3900D7ECCE /* Debug */ = {
			isa = XCBuildConfiguration;
			buildSettings = {
				BUNDLE_LOADER = "$(TEST_HOST)";
				CODE_SIGN_STYLE = Automatic;
				CURRENT_PROJECT_VERSION = 1;
				DEVELOPMENT_TEAM = LCRLD36TZ6;
				GENERATE_INFOPLIST_FILE = YES;
				IPHONEOS_DEPLOYMENT_TARGET = 18.0;
				MARKETING_VERSION = 1.0;
				PRODUCT_BUNDLE_IDENTIFIER = "com.paulsolt.Swift-Data-DemoTests";
				PRODUCT_NAME = "$(TARGET_NAME)";
				SWIFT_EMIT_LOC_STRINGS = NO;
				SWIFT_VERSION = 5.0;
				TARGETED_DEVICE_FAMILY = "1,2";
				TEST_HOST = "$(BUILT_PRODUCTS_DIR)/Swift Data Demo.app/$(BUNDLE_EXECUTABLE_FOLDER_PATH)/Swift Data Demo";
			};
			name = Debug;
		};
		BD0F54892C513B3900D7ECCE /* Release */ = {
			isa = XCBuildConfiguration;
			buildSettings = {
				BUNDLE_LOADER = "$(TEST_HOST)";
				CODE_SIGN_STYLE = Automatic;
				CURRENT_PROJECT_VERSION = 1;
				DEVELOPMENT_TEAM = LCRLD36TZ6;
				GENERATE_INFOPLIST_FILE = YES;
				IPHONEOS_DEPLOYMENT_TARGET = 18.0;
				MARKETING_VERSION = 1.0;
				PRODUCT_BUNDLE_IDENTIFIER = "com.paulsolt.Swift-Data-DemoTests";
				PRODUCT_NAME = "$(TARGET_NAME)";
				SWIFT_EMIT_LOC_STRINGS = NO;
				SWIFT_VERSION = 5.0;
				TARGETED_DEVICE_FAMILY = "1,2";
				TEST_HOST = "$(BUILT_PRODUCTS_DIR)/Swift Data Demo.app/$(BUNDLE_EXECUTABLE_FOLDER_PATH)/Swift Data Demo";
			};
			name = Release;
		};
/* End XCBuildConfiguration section */

/* Begin XCConfigurationList section */
		BD0F54592C513B3800D7ECCE /* Build configuration list for PBXProject "Swift Data Demo" */ = {
			isa = XCConfigurationList;
			buildConfigurations = (
				BD0F54822C513B3900D7ECCE /* Debug */,
				BD0F54832C513B3900D7ECCE /* Release */,
			);
			defaultConfigurationIsVisible = 0;
			defaultConfigurationName = Release;
		};
		BD0F54842C513B3900D7ECCE /* Build configuration list for PBXNativeTarget "Swift Data Demo" */ = {
			isa = XCConfigurationList;
			buildConfigurations = (
				BD0F54852C513B3900D7ECCE /* Debug */,
				BD0F54862C513B3900D7ECCE /* Release */,
			);
			defaultConfigurationIsVisible = 0;
			defaultConfigurationName = Release;
		};
		BD0F54872C513B3900D7ECCE /* Build configuration list for PBXNativeTarget "Swift Data DemoTests" */ = {
			isa = XCConfigurationList;
			buildConfigurations = (
				BD0F54882C513B3900D7ECCE /* Debug */,
				BD0F54892C513B3900D7ECCE /* Release */,
			);
			defaultConfigurationIsVisible = 0;
			defaultConfigurationName = Release;
		};
/* End XCConfigurationList section */
	};
	rootObject = BD0F54562C513B3800D7ECCE /* Project object */;
}
