// !$*UTF8*$!
{
	archiveVersion = 1;
	classes = {
	};
	objectVersion = 56;
	objects = {

/* Begin PBXBuildFile section */
		BD477B192C440C4D00D6D490 /* FullScreenNotification.swift in Sources */ = {isa = PBXBuildFile; fileRef = BD477B182C440C4D00D6D490 /* FullScreenNotification.swift */; };
		BD93AA062C1223060084988B /* TestNotificationApp.swift in Sources */ = {isa = PBXBuildFile; fileRef = BD93AA052C1223060084988B /* TestNotificationApp.swift */; };
		BD93AA082C1223060084988B /* ContentView.swift in Sources */ = {isa = PBXBuildFile; fileRef = BD93AA072C1223060084988B /* ContentView.swift */; };
		BD93AA0A2C1223070084988B /* Assets.xcassets in Resources */ = {isa = PBXBuildFile; fileRef = BD93AA092C1223070084988B /* Assets.xcassets */; };
		BD93AA0D2C1223070084988B /* Preview Assets.xcassets in Resources */ = {isa = PBXBuildFile; fileRef = BD93AA0C2C1223070084988B /* Preview Assets.xcassets */; };
		BD93AA2C2C135B580084988B /* TestNotification_UITests.swift in Sources */ = {isa = PBXBuildFile; fileRef = BD93AA2B2C135B580084988B /* TestNotification_UITests.swift */; };
		BD93AA2E2C135B580084988B /* TestNotification_UITestsLaunchTests.swift in Sources */ = {isa = PBXBuildFile; fileRef = BD93AA2D2C135B580084988B /* TestNotification_UITestsLaunchTests.swift */; };
		BD93AA352C135B820084988B /* XCTestExtensions.swift in Sources */ = {isa = PBXBuildFile; fileRef = BD93AA342C135B820084988B /* XCTestExtensions.swift */; };
/* End PBXBuildFile section */

/* Begin PBXContainerItemProxy section */
		BD93AA2F2C135B580084988B /* PBXContainerItemProxy */ = {
			isa = PBXContainerItemProxy;
			containerPortal = BD93A9FA2C1223060084988B /* Project object */;
			proxyType = 1;
			remoteGlobalIDString = BD93AA012C1223060084988B;
			remoteInfo = TestNotification;
		};
/* End PBXContainerItemProxy section */

/* Begin PBXFileReference section */
		BD477B182C440C4D00D6D490 /* FullScreenNotification.swift */ = {isa = PBXFileReference; lastKnownFileType = sourcecode.swift; path = FullScreenNotification.swift; sourceTree = "<group>"; };
		BD93AA022C1223060084988B /* TestNotification.app */ = {isa = PBXFileReference; explicitFileType = wrapper.application; includeInIndex = 0; path = TestNotification.app; sourceTree = BUILT_PRODUCTS_DIR; };
		BD93AA052C1223060084988B /* TestNotificationApp.swift */ = {isa = PBXFileReference; lastKnownFileType = sourcecode.swift; path = TestNotificationApp.swift; sourceTree = "<group>"; };
		BD93AA072C1223060084988B /* ContentView.swift */ = {isa = PBXFileReference; lastKnownFileType = sourcecode.swift; path = ContentView.swift; sourceTree = "<group>"; };
		BD93AA092C1223070084988B /* Assets.xcassets */ = {isa = PBXFileReference; lastKnownFileType = folder.assetcatalog; path = Assets.xcassets; sourceTree = "<group>"; };
		BD93AA0C2C1223070084988B /* Preview Assets.xcassets */ = {isa = PBXFileReference; lastKnownFileType = folder.assetcatalog; path = "Preview Assets.xcassets"; sourceTree = "<group>"; };
		BD93AA0E2C1223070084988B /* TestNotification.entitlements */ = {isa = PBXFileReference; lastKnownFileType = text.plist.entitlements; path = TestNotification.entitlements; sourceTree = "<group>"; };
		BD93AA292C135B580084988B /* TestNotification-UITests.xctest */ = {isa = PBXFileReference; explicitFileType = wrapper.cfbundle; includeInIndex = 0; path = "TestNotification-UITests.xctest"; sourceTree = BUILT_PRODUCTS_DIR; };
		BD93AA2B2C135B580084988B /* TestNotification_UITests.swift */ = {isa = PBXFileReference; lastKnownFileType = sourcecode.swift; path = TestNotification_UITests.swift; sourceTree = "<group>"; };
		BD93AA2D2C135B580084988B /* TestNotification_UITestsLaunchTests.swift */ = {isa = PBXFileReference; lastKnownFileType = sourcecode.swift; path = TestNotification_UITestsLaunchTests.swift; sourceTree = "<group>"; };
		BD93AA342C135B820084988B /* XCTestExtensions.swift */ = {isa = PBXFileReference; fileEncoding = 4; lastKnownFileType = sourcecode.swift; path = XCTestExtensions.swift; sourceTree = "<group>"; };
/* End PBXFileReference section */

/* Begin PBXFrameworksBuildPhase section */
		BD93A9FF2C1223060084988B /* Frameworks */ = {
			isa = PBXFrameworksBuildPhase;
			buildActionMask = 2147483647;
			files = (
			);
			runOnlyForDeploymentPostprocessing = 0;
		};
		BD93AA262C135B580084988B /* Frameworks */ = {
			isa = PBXFrameworksBuildPhase;
			buildActionMask = 2147483647;
			files = (
			);
			runOnlyForDeploymentPostprocessing = 0;
		};
/* End PBXFrameworksBuildPhase section */

/* Begin PBXGroup section */
		BD93A9F92C1223060084988B = {
			isa = PBXGroup;
			children = (
				BD93AA042C1223060084988B /* TestNotification */,
				BD93AA2A2C135B580084988B /* TestNotification-UITests */,
				BD93AA032C1223060084988B /* Products */,
			);
			sourceTree = "<group>";
		};
		BD93AA032C1223060084988B /* Products */ = {
			isa = PBXGroup;
			children = (
				BD93AA022C1223060084988B /* TestNotification.app */,
				BD93AA292C135B580084988B /* TestNotification-UITests.xctest */,
			);
			name = Products;
			sourceTree = "<group>";
		};
		BD93AA042C1223060084988B /* TestNotification */ = {
			isa = PBXGroup;
			children = (
				BD93AA052C1223060084988B /* TestNotificationApp.swift */,
				BD93AA072C1223060084988B /* ContentView.swift */,
				BD477B182C440C4D00D6D490 /* FullScreenNotification.swift */,
				BD93AA092C1223070084988B /* Assets.xcassets */,
				BD93AA0E2C1223070084988B /* TestNotification.entitlements */,
				BD93AA0B2C1223070084988B /* Preview Content */,
			);
			path = TestNotification;
			sourceTree = "<group>";
		};
		BD93AA0B2C1223070084988B /* Preview Content */ = {
			isa = PBXGroup;
			children = (
				BD93AA0C2C1223070084988B /* Preview Assets.xcassets */,
			);
			path = "Preview Content";
			sourceTree = "<group>";
		};
		BD93AA2A2C135B580084988B /* TestNotification-UITests */ = {
			isa = PBXGroup;
			children = (
				BD93AA342C135B820084988B /* XCTestExtensions.swift */,
				BD93AA2B2C135B580084988B /* TestNotification_UITests.swift */,
				BD93AA2D2C135B580084988B /* TestNotification_UITestsLaunchTests.swift */,
			);
			path = "TestNotification-UITests";
			sourceTree = "<group>";
		};
/* End PBXGroup section */

/* Begin PBXNativeTarget section */
		BD93AA012C1223060084988B /* TestNotification */ = {
			isa = PBXNativeTarget;
			buildConfigurationList = BD93AA112C1223070084988B /* Build configuration list for PBXNativeTarget "TestNotification" */;
			buildPhases = (
				BD93A9FE2C1223060084988B /* Sources */,
				BD93A9FF2C1223060084988B /* Frameworks */,
				BD93AA002C1223060084988B /* Resources */,
			);
			buildRules = (
			);
			dependencies = (
			);
			name = TestNotification;
			productName = TestNotification;
			productReference = BD93AA022C1223060084988B /* TestNotification.app */;
			productType = "com.apple.product-type.application";
		};
		BD93AA282C135B580084988B /* TestNotification-UITests */ = {
			isa = PBXNativeTarget;
			buildConfigurationList = BD93AA332C135B580084988B /* Build configuration list for PBXNativeTarget "TestNotification-UITests" */;
			buildPhases = (
				BD93AA252C135B580084988B /* Sources */,
				BD93AA262C135B580084988B /* Frameworks */,
				BD93AA272C135B580084988B /* Resources */,
			);
			buildRules = (
			);
			dependencies = (
				BD93AA302C135B580084988B /* PBXTargetDependency */,
			);
			name = "TestNotification-UITests";
			productName = "TestNotification-UITests";
			productReference = BD93AA292C135B580084988B /* TestNotification-UITests.xctest */;
			productType = "com.apple.product-type.bundle.ui-testing";
		};
/* End PBXNativeTarget section */

/* Begin PBXProject section */
		BD93A9FA2C1223060084988B /* Project object */ = {
			isa = PBXProject;
			attributes = {
				BuildIndependentTargetsInParallel = 1;
				LastSwiftUpdateCheck = 1540;
				LastUpgradeCheck = 1540;
				TargetAttributes = {
					BD93AA012C1223060084988B = {
						CreatedOnToolsVersion = 15.4;
					};
					BD93AA282C135B580084988B = {
						CreatedOnToolsVersion = 15.4;
						TestTargetID = BD93AA012C1223060084988B;
					};
				};
			};
			buildConfigurationList = BD93A9FD2C1223060084988B /* Build configuration list for PBXProject "TestNotificationUITest" */;
			compatibilityVersion = "Xcode 14.0";
			developmentRegion = en;
			hasScannedForEncodings = 0;
			knownRegions = (
				en,
				Base,
			);
			mainGroup = BD93A9F92C1223060084988B;
			productRefGroup = BD93AA032C1223060084988B /* Products */;
			projectDirPath = "";
			projectRoot = "";
			targets = (
				BD93AA012C1223060084988B /* TestNotification */,
				BD93AA282C135B580084988B /* TestNotification-UITests */,
			);
		};
/* End PBXProject section */

/* Begin PBXResourcesBuildPhase section */
		BD93AA002C1223060084988B /* Resources */ = {
			isa = PBXResourcesBuildPhase;
			buildActionMask = 2147483647;
			files = (
				BD93AA0D2C1223070084988B /* Preview Assets.xcassets in Resources */,
				BD93AA0A2C1223070084988B /* Assets.xcassets in Resources */,
			);
			runOnlyForDeploymentPostprocessing = 0;
		};
		BD93AA272C135B580084988B /* Resources */ = {
			isa = PBXResourcesBuildPhase;
			buildActionMask = 2147483647;
			files = (
			);
			runOnlyForDeploymentPostprocessing = 0;
		};
/* End PBXResourcesBuildPhase section */

/* Begin PBXSourcesBuildPhase section */
		BD93A9FE2C1223060084988B /* Sources */ = {
			isa = PBXSourcesBuildPhase;
			buildActionMask = 2147483647;
			files = (
				BD93AA082C1223060084988B /* ContentView.swift in Sources */,
				BD93AA062C1223060084988B /* TestNotificationApp.swift in Sources */,
				BD477B192C440C4D00D6D490 /* FullScreenNotification.swift in Sources */,
			);
			runOnlyForDeploymentPostprocessing = 0;
		};
		BD93AA252C135B580084988B /* Sources */ = {
			isa = PBXSourcesBuildPhase;
			buildActionMask = 2147483647;
			files = (
				BD93AA2C2C135B580084988B /* TestNotification_UITests.swift in Sources */,
				BD93AA352C135B820084988B /* XCTestExtensions.swift in Sources */,
				BD93AA2E2C135B580084988B /* TestNotification_UITestsLaunchTests.swift in Sources */,
			);
			runOnlyForDeploymentPostprocessing = 0;
		};
/* End PBXSourcesBuildPhase section */

/* Begin PBXTargetDependency section */
		BD93AA302C135B580084988B /* PBXTargetDependency */ = {
			isa = PBXTargetDependency;
			target = BD93AA012C1223060084988B /* TestNotification */;
			targetProxy = BD93AA2F2C135B580084988B /* PBXContainerItemProxy */;
		};
/* End PBXTargetDependency section */

/* Begin XCBuildConfiguration section */
		BD93AA0F2C1223070084988B /* Debug */ = {
			isa = XCBuildConfiguration;
			buildSettings = {
				ALWAYS_SEARCH_USER_PATHS = NO;
				ASSETCATALOG_COMPILER_GENERATE_SWIFT_ASSET_SYMBOL_EXTENSIONS = YES;
				CLANG_ANALYZER_NONNULL = YES;
				CLANG_ANALYZER_NUMBER_OBJECT_CONVERSION = YES_AGGRESSIVE;
				CLANG_CXX_LANGUAGE_STANDARD = "gnu++20";
				CLANG_ENABLE_MODULES = YES;
				CLANG_ENABLE_OBJC_ARC = YES;
				CLANG_ENABLE_OBJC_WEAK = YES;
				CLANG_WARN_BLOCK_CAPTURE_AUTORELEASING = YES;
				CLANG_WARN_BOOL_CONVERSION = YES;
				CLANG_WARN_COMMA = YES;
				CLANG_WARN_CONSTANT_CONVERSION = YES;
				CLANG_WARN_DEPRECATED_OBJC_IMPLEMENTATIONS = YES;
				CLANG_WARN_DIRECT_OBJC_ISA_USAGE = YES_ERROR;
				CLANG_WARN_DOCUMENTATION_COMMENTS = YES;
				CLANG_WARN_EMPTY_BODY = YES;
				CLANG_WARN_ENUM_CONVERSION = YES;
				CLANG_WARN_INFINITE_RECURSION = YES;
				CLANG_WARN_INT_CONVERSION = YES;
				CLANG_WARN_NON_LITERAL_NULL_CONVERSION = YES;
				CLANG_WARN_OBJC_IMPLICIT_RETAIN_SELF = YES;
				CLANG_WARN_OBJC_LITERAL_CONVERSION = YES;
				CLANG_WARN_OBJC_ROOT_CLASS = YES_ERROR;
				CLANG_WARN_QUOTED_INCLUDE_IN_FRAMEWORK_HEADER = YES;
				CLANG_WARN_RANGE_LOOP_ANALYSIS = YES;
				CLANG_WARN_STRICT_PROTOTYPES = YES;
				CLANG_WARN_SUSPICIOUS_MOVE = YES;
				CLANG_WARN_UNGUARDED_AVAILABILITY = YES_AGGRESSIVE;
				CLANG_WARN_UNREACHABLE_CODE = YES;
				CLANG_WARN__DUPLICATE_METHOD_MATCH = YES;
				COPY_PHASE_STRIP = NO;
				DEBUG_INFORMATION_FORMAT = dwarf;
				ENABLE_STRICT_OBJC_MSGSEND = YES;
				ENABLE_TESTABILITY = YES;
				ENABLE_USER_SCRIPT_SANDBOXING = YES;
				GCC_C_LANGUAGE_STANDARD = gnu17;
				GCC_DYNAMIC_NO_PIC = NO;
				GCC_NO_COMMON_BLOCKS = YES;
				GCC_OPTIMIZATION_LEVEL = 0;
				GCC_PREPROCESSOR_DEFINITIONS = (
					"DEBUG=1",
					"$(inherited)",
				);
				GCC_WARN_64_TO_32_BIT_CONVERSION = YES;
				GCC_WARN_ABOUT_RETURN_TYPE = YES_ERROR;
				GCC_WARN_UNDECLARED_SELECTOR = YES;
				GCC_WARN_UNINITIALIZED_AUTOS = YES_AGGRESSIVE;
				GCC_WARN_UNUSED_FUNCTION = YES;
				GCC_WARN_UNUSED_VARIABLE = YES;
				LOCALIZATION_PREFERS_STRING_CATALOGS = YES;
				MACOSX_DEPLOYMENT_TARGET = 14.3;
				MTL_ENABLE_DEBUG_INFO = INCLUDE_SOURCE;
				MTL_FAST_MATH = YES;
				ONLY_ACTIVE_ARCH = YES;
				SDKROOT = macosx;
				SWIFT_ACTIVE_COMPILATION_CONDITIONS = "DEBUG $(inherited)";
				SWIFT_OPTIMIZATION_LEVEL = "-Onone";
			};
			name = Debug;
		};
		BD93AA102C1223070084988B /* Release */ = {
			isa = XCBuildConfiguration;
			buildSettings = {
				ALWAYS_SEARCH_USER_PATHS = NO;
				ASSETCATALOG_COMPILER_GENERATE_SWIFT_ASSET_SYMBOL_EXTENSIONS = YES;
				CLANG_ANALYZER_NONNULL = YES;
				CLANG_ANALYZER_NUMBER_OBJECT_CONVERSION = YES_AGGRESSIVE;
				CLANG_CXX_LANGUAGE_STANDARD = "gnu++20";
				CLANG_ENABLE_MODULES = YES;
				CLANG_ENABLE_OBJC_ARC = YES;
				CLANG_ENABLE_OBJC_WEAK = YES;
				CLANG_WARN_BLOCK_CAPTURE_AUTORELEASING = YES;
				CLANG_WARN_BOOL_CONVERSION = YES;
				CLANG_WARN_COMMA = YES;
				CLANG_WARN_CONSTANT_CONVERSION = YES;
				CLANG_WARN_DEPRECATED_OBJC_IMPLEMENTATIONS = YES;
				CLANG_WARN_DIRECT_OBJC_ISA_USAGE = YES_ERROR;
				CLANG_WARN_DOCUMENTATION_COMMENTS = YES;
				CLANG_WARN_EMPTY_BODY = YES;
				CLANG_WARN_ENUM_CONVERSION = YES;
				CLANG_WARN_INFINITE_RECURSION = YES;
				CLANG_WARN_INT_CONVERSION = YES;
				CLANG_WARN_NON_LITERAL_NULL_CONVERSION = YES;
				CLANG_WARN_OBJC_IMPLICIT_RETAIN_SELF = YES;
				CLANG_WARN_OBJC_LITERAL_CONVERSION = YES;
				CLANG_WARN_OBJC_ROOT_CLASS = YES_ERROR;
				CLANG_WARN_QUOTED_INCLUDE_IN_FRAMEWORK_HEADER = YES;
				CLANG_WARN_RANGE_LOOP_ANALYSIS = YES;
				CLANG_WARN_STRICT_PROTOTYPES = YES;
				CLANG_WARN_SUSPICIOUS_MOVE = YES;
				CLANG_WARN_UNGUARDED_AVAILABILITY = YES_AGGRESSIVE;
				CLANG_WARN_UNREACHABLE_CODE = YES;
				CLANG_WARN__DUPLICATE_METHOD_MATCH = YES;
				COPY_PHASE_STRIP = NO;
				DEBUG_INFORMATION_FORMAT = "dwarf-with-dsym";
				ENABLE_NS_ASSERTIONS = NO;
				ENABLE_STRICT_OBJC_MSGSEND = YES;
				ENABLE_USER_SCRIPT_SANDBOXING = YES;
				GCC_C_LANGUAGE_STANDARD = gnu17;
				GCC_NO_COMMON_BLOCKS = YES;
				GCC_WARN_64_TO_32_BIT_CONVERSION = YES;
				GCC_WARN_ABOUT_RETURN_TYPE = YES_ERROR;
				GCC_WARN_UNDECLARED_SELECTOR = YES;
				GCC_WARN_UNINITIALIZED_AUTOS = YES_AGGRESSIVE;
				GCC_WARN_UNUSED_FUNCTION = YES;
				GCC_WARN_UNUSED_VARIABLE = YES;
				LOCALIZATION_PREFERS_STRING_CATALOGS = YES;
				MACOSX_DEPLOYMENT_TARGET = 14.3;
				MTL_ENABLE_DEBUG_INFO = NO;
				MTL_FAST_MATH = YES;
				SDKROOT = macosx;
				SWIFT_COMPILATION_MODE = wholemodule;
			};
			name = Release;
		};
		BD93AA122C1223070084988B /* Debug */ = {
			isa = XCBuildConfiguration;
			buildSettings = {
				ASSETCATALOG_COMPILER_APPICON_NAME = AppIcon;
				ASSETCATALOG_COMPILER_GLOBAL_ACCENT_COLOR_NAME = AccentColor;
				CODE_SIGN_ENTITLEMENTS = TestNotification/TestNotification.entitlements;
				CODE_SIGN_STYLE = Automatic;
				COMBINE_HIDPI_IMAGES = YES;
				CURRENT_PROJECT_VERSION = 1;
				DEVELOPMENT_ASSET_PATHS = "\"TestNotification/Preview Content\"";
				DEVELOPMENT_TEAM = LCRLD36TZ6;
				ENABLE_HARDENED_RUNTIME = YES;
				ENABLE_PREVIEWS = YES;
				GENERATE_INFOPLIST_FILE = YES;
				INFOPLIST_KEY_NSHumanReadableCopyright = "";
				LD_RUNPATH_SEARCH_PATHS = (
					"$(inherited)",
					"@executable_path/../Frameworks",
				);
				MARKETING_VERSION = 1.0;
				PRODUCT_BUNDLE_IDENTIFIER = com.paulsolt.TestNotification;
				PRODUCT_NAME = "$(TARGET_NAME)";
				SWIFT_EMIT_LOC_STRINGS = YES;
				SWIFT_VERSION = 5.0;
			};
			name = Debug;
		};
		BD93AA132C1223070084988B /* Release */ = {
			isa = XCBuildConfiguration;
			buildSettings = {
				ASSETCATALOG_COMPILER_APPICON_NAME = AppIcon;
				ASSETCATALOG_COMPILER_GLOBAL_ACCENT_COLOR_NAME = AccentColor;
				CODE_SIGN_ENTITLEMENTS = TestNotification/TestNotification.entitlements;
				CODE_SIGN_STYLE = Automatic;
				COMBINE_HIDPI_IMAGES = YES;
				CURRENT_PROJECT_VERSION = 1;
				DEVELOPMENT_ASSET_PATHS = "\"TestNotification/Preview Content\"";
				DEVELOPMENT_TEAM = LCRLD36TZ6;
				ENABLE_HARDENED_RUNTIME = YES;
				ENABLE_PREVIEWS = YES;
				GENERATE_INFOPLIST_FILE = YES;
				INFOPLIST_KEY_NSHumanReadableCopyright = "";
				LD_RUNPATH_SEARCH_PATHS = (
					"$(inherited)",
					"@executable_path/../Frameworks",
				);
				MARKETING_VERSION = 1.0;
				PRODUCT_BUNDLE_IDENTIFIER = com.paulsolt.TestNotification;
				PRODUCT_NAME = "$(TARGET_NAME)";
				SWIFT_EMIT_LOC_STRINGS = YES;
				SWIFT_VERSION = 5.0;
			};
			name = Release;
		};
		BD93AA312C135B580084988B /* Debug */ = {
			isa = XCBuildConfiguration;
			buildSettings = {
				CODE_SIGN_STYLE = Automatic;
				CURRENT_PROJECT_VERSION = 1;
				DEVELOPMENT_TEAM = LCRLD36TZ6;
				GENERATE_INFOPLIST_FILE = YES;
				MARKETING_VERSION = 1.0;
				PRODUCT_BUNDLE_IDENTIFIER = "com.paulsolt.TestNotification-UITests";
				PRODUCT_NAME = "$(TARGET_NAME)";
				SWIFT_EMIT_LOC_STRINGS = NO;
				SWIFT_VERSION = 5.0;
				TEST_TARGET_NAME = TestNotification;
			};
			name = Debug;
		};
		BD93AA322C135B580084988B /* Release */ = {
			isa = XCBuildConfiguration;
			buildSettings = {
				CODE_SIGN_STYLE = Automatic;
				CURRENT_PROJECT_VERSION = 1;
				DEVELOPMENT_TEAM = LCRLD36TZ6;
				GENERATE_INFOPLIST_FILE = YES;
				MARKETING_VERSION = 1.0;
				PRODUCT_BUNDLE_IDENTIFIER = "com.paulsolt.TestNotification-UITests";
				PRODUCT_NAME = "$(TARGET_NAME)";
				SWIFT_EMIT_LOC_STRINGS = NO;
				SWIFT_VERSION = 5.0;
				TEST_TARGET_NAME = TestNotification;
			};
			name = Release;
		};
/* End XCBuildConfiguration section */

/* Begin XCConfigurationList section */
		BD93A9FD2C1223060084988B /* Build configuration list for PBXProject "TestNotificationUITest" */ = {
			isa = XCConfigurationList;
			buildConfigurations = (
				BD93AA0F2C1223070084988B /* Debug */,
				BD93AA102C1223070084988B /* Release */,
			);
			defaultConfigurationIsVisible = 0;
			defaultConfigurationName = Release;
		};
		BD93AA112C1223070084988B /* Build configuration list for PBXNativeTarget "TestNotification" */ = {
			isa = XCConfigurationList;
			buildConfigurations = (
				BD93AA122C1223070084988B /* Debug */,
				BD93AA132C1223070084988B /* Release */,
			);
			defaultConfigurationIsVisible = 0;
			defaultConfigurationName = Release;
		};
		BD93AA332C135B580084988B /* Build configuration list for PBXNativeTarget "TestNotification-UITests" */ = {
			isa = XCConfigurationList;
			buildConfigurations = (
				BD93AA312C135B580084988B /* Debug */,
				BD93AA322C135B580084988B /* Release */,
			);
			defaultConfigurationIsVisible = 0;
			defaultConfigurationName = Release;
		};
/* End XCConfigurationList section */
	};
	rootObject = BD93A9FA2C1223060084988B /* Project object */;
}
